// !$*UTF8*$!
{
	archiveVersion = 1;
	classes = {
	};
	objectVersion = 46;
	objects = {

/* Begin PBXBuildFile section */
		3210CF4B1D55159B009C75F7 /* WorkoutTableRowController.swift in Sources */ = {isa = PBXBuildFile; fileRef = 3210CF4A1D55159B009C75F7 /* WorkoutTableRowController.swift */; };
		3210CF4D1D552615009C75F7 /* IntesityTableRowController.swift in Sources */ = {isa = PBXBuildFile; fileRef = 3210CF4C1D552615009C75F7 /* IntesityTableRowController.swift */; };
		3210CF4F1D55265A009C75F7 /* IntesitySelectorController.swift in Sources */ = {isa = PBXBuildFile; fileRef = 3210CF4E1D55265A009C75F7 /* IntesitySelectorController.swift */; };
		3213A5C71D597D54000D2455 /* CustomIntensityRowController.swift in Sources */ = {isa = PBXBuildFile; fileRef = 3213A5C61D597D54000D2455 /* CustomIntensityRowController.swift */; };
		3213A5C91D599279000D2455 /* HeartRateChartController.swift in Sources */ = {isa = PBXBuildFile; fileRef = 3213A5C81D599279000D2455 /* HeartRateChartController.swift */; };
		32195CDF1D41666C007C808E /* AppDelegate.swift in Sources */ = {isa = PBXBuildFile; fileRef = 32195CDE1D41666C007C808E /* AppDelegate.swift */; };
		32195CE11D41666C007C808E /* ViewController.swift in Sources */ = {isa = PBXBuildFile; fileRef = 32195CE01D41666C007C808E /* ViewController.swift */; };
		32195CE41D41666C007C808E /* Main.storyboard in Resources */ = {isa = PBXBuildFile; fileRef = 32195CE21D41666C007C808E /* Main.storyboard */; };
		32195CE61D41666C007C808E /* Assets.xcassets in Resources */ = {isa = PBXBuildFile; fileRef = 32195CE51D41666C007C808E /* Assets.xcassets */; };
		32195CE91D41666C007C808E /* LaunchScreen.storyboard in Resources */ = {isa = PBXBuildFile; fileRef = 32195CE71D41666C007C808E /* LaunchScreen.storyboard */; };
		32195CF41D41666C007C808E /* Heart_UpTests.swift in Sources */ = {isa = PBXBuildFile; fileRef = 32195CF31D41666C007C808E /* Heart_UpTests.swift */; };
		32195CF91D41666C007C808E /* Heart Up WatchKit App.app in Embed Watch Content */ = {isa = PBXBuildFile; fileRef = 32195CF81D41666C007C808E /* Heart Up WatchKit App.app */; };
		32195CFF1D41666C007C808E /* Interface.storyboard in Resources */ = {isa = PBXBuildFile; fileRef = 32195CFD1D41666C007C808E /* Interface.storyboard */; };
		32195D011D41666C007C808E /* Assets.xcassets in Resources */ = {isa = PBXBuildFile; fileRef = 32195D001D41666C007C808E /* Assets.xcassets */; };
		32195D081D41666D007C808E /* Heart Up WatchKit Extension.appex in Embed App Extensions */ = {isa = PBXBuildFile; fileRef = 32195D071D41666D007C808E /* Heart Up WatchKit Extension.appex */; settings = {ATTRIBUTES = (RemoveHeadersOnCopy, ); }; };
		32195D0F1D41666D007C808E /* WorkoutController.swift in Sources */ = {isa = PBXBuildFile; fileRef = 32195D0E1D41666D007C808E /* WorkoutController.swift */; };
		32195D111D41666D007C808E /* ExtensionDelegate.swift in Sources */ = {isa = PBXBuildFile; fileRef = 32195D101D41666D007C808E /* ExtensionDelegate.swift */; };
		32195D131D41666D007C808E /* NotificationController.swift in Sources */ = {isa = PBXBuildFile; fileRef = 32195D121D41666D007C808E /* NotificationController.swift */; };
		32195D151D41666D007C808E /* Assets.xcassets in Resources */ = {isa = PBXBuildFile; fileRef = 32195D141D41666D007C808E /* Assets.xcassets */; };
		32195D2A1D41673F007C808E /* HealthKit.framework in Frameworks */ = {isa = PBXBuildFile; fileRef = 32195D291D41673F007C808E /* HealthKit.framework */; };
		3230E7B21D4AAA1300B3986A /* WorkoutSelectionController.swift in Sources */ = {isa = PBXBuildFile; fileRef = 3230E7B11D4AAA1300B3986A /* WorkoutSelectionController.swift */; };
		3230E7B41D4AB31D00B3986A /* ReuseWorkoutTableRowController.swift in Sources */ = {isa = PBXBuildFile; fileRef = 3230E7B31D4AB31D00B3986A /* ReuseWorkoutTableRowController.swift */; };
		3230E7B71D4ABB1A00B3986A /* Dumbbell.png in Resources */ = {isa = PBXBuildFile; fileRef = 3230E7B61D4ABB1A00B3986A /* Dumbbell.png */; };
		3230E7B91D4AEF8C00B3986A /* StartController.swift in Sources */ = {isa = PBXBuildFile; fileRef = 3230E7B81D4AEF8C00B3986A /* StartController.swift */; };
		3230E7BD1D4AF70800B3986A /* HeartRateRangeSelectionController.swift in Sources */ = {isa = PBXBuildFile; fileRef = 3230E7BC1D4AF70800B3986A /* HeartRateRangeSelectionController.swift */; };
		3270B5B31D4692DB0066E186 /* HealthKit.framework in Frameworks */ = {isa = PBXBuildFile; fileRef = 3270B5B21D4692DB0066E186 /* HealthKit.framework */; };
		329D9DE31D48658200BF8C51 /* HeartRateStats.swift in Sources */ = {isa = PBXBuildFile; fileRef = 329D9DE21D48658200BF8C51 /* HeartRateStats.swift */; };
		329D9DE51D486B9400BF8C51 /* HeartRateInterface.swift in Sources */ = {isa = PBXBuildFile; fileRef = 329D9DE41D486B9400BF8C51 /* HeartRateInterface.swift */; };
		32B418E81D5D3EAB00DA4E52 /* EndWorkoutController.swift in Sources */ = {isa = PBXBuildFile; fileRef = 32B418E71D5D3EAB00DA4E52 /* EndWorkoutController.swift */; };
		32B4E2941D4FC8670074774C /* Heart.png in Resources */ = {isa = PBXBuildFile; fileRef = 32B4E2931D4FC8670074774C /* Heart.png */; };
		32DEE21A1D5D8D5B004FDE41 /* YOBarChartImage.m in Sources */ = {isa = PBXBuildFile; fileRef = 32DEE2141D5D8D5B004FDE41 /* YOBarChartImage.m */; };
		32DEE21B1D5D8D5B004FDE41 /* YOBarChartImage.m in Sources */ = {isa = PBXBuildFile; fileRef = 32DEE2141D5D8D5B004FDE41 /* YOBarChartImage.m */; };
		32DEE21C1D5D8D5B004FDE41 /* YODonutChartImage.m in Sources */ = {isa = PBXBuildFile; fileRef = 32DEE2171D5D8D5B004FDE41 /* YODonutChartImage.m */; };
		32DEE21D1D5D8D5B004FDE41 /* YODonutChartImage.m in Sources */ = {isa = PBXBuildFile; fileRef = 32DEE2171D5D8D5B004FDE41 /* YODonutChartImage.m */; };
		32DEE21E1D5D8D5B004FDE41 /* YOLineChartImage.m in Sources */ = {isa = PBXBuildFile; fileRef = 32DEE2191D5D8D5B004FDE41 /* YOLineChartImage.m */; };
		32DEE21F1D5D8D5B004FDE41 /* YOLineChartImage.m in Sources */ = {isa = PBXBuildFile; fileRef = 32DEE2191D5D8D5B004FDE41 /* YOLineChartImage.m */; };
		32E2E4031D52B11800FEB3BA /* WorkoutConfig.swift in Sources */ = {isa = PBXBuildFile; fileRef = 32E2E4021D52B11800FEB3BA /* WorkoutConfig.swift */; };
/* End PBXBuildFile section */

/* Begin PBXContainerItemProxy section */
		32195CF01D41666C007C808E /* PBXContainerItemProxy */ = {
			isa = PBXContainerItemProxy;
			containerPortal = 32195CD31D41666C007C808E /* Project object */;
			proxyType = 1;
			remoteGlobalIDString = 32195CDA1D41666C007C808E;
			remoteInfo = "Heart Up";
		};
		32195CFA1D41666C007C808E /* PBXContainerItemProxy */ = {
			isa = PBXContainerItemProxy;
			containerPortal = 32195CD31D41666C007C808E /* Project object */;
			proxyType = 1;
			remoteGlobalIDString = 32195CF71D41666C007C808E;
			remoteInfo = "Heart Up WatchKit App";
		};
		32195D091D41666D007C808E /* PBXContainerItemProxy */ = {
			isa = PBXContainerItemProxy;
			containerPortal = 32195CD31D41666C007C808E /* Project object */;
			proxyType = 1;
			remoteGlobalIDString = 32195D061D41666D007C808E;
			remoteInfo = "Heart Up WatchKit Extension";
		};
/* End PBXContainerItemProxy section */

/* Begin PBXCopyFilesBuildPhase section */
		320A24FF1D5C1F7600767A41 /* Embed Frameworks */ = {
			isa = PBXCopyFilesBuildPhase;
			buildActionMask = 2147483647;
			dstPath = "";
			dstSubfolderSpec = 10;
			files = (
			);
			name = "Embed Frameworks";
			runOnlyForDeploymentPostprocessing = 0;
		};
		32195D1C1D41666D007C808E /* Embed App Extensions */ = {
			isa = PBXCopyFilesBuildPhase;
			buildActionMask = 2147483647;
			dstPath = "";
			dstSubfolderSpec = 13;
			files = (
				32195D081D41666D007C808E /* Heart Up WatchKit Extension.appex in Embed App Extensions */,
			);
			name = "Embed App Extensions";
			runOnlyForDeploymentPostprocessing = 0;
		};
		32195D201D41666D007C808E /* Embed Watch Content */ = {
			isa = PBXCopyFilesBuildPhase;
			buildActionMask = 2147483647;
			dstPath = "$(CONTENTS_FOLDER_PATH)/Watch";
			dstSubfolderSpec = 16;
			files = (
				32195CF91D41666C007C808E /* Heart Up WatchKit App.app in Embed Watch Content */,
			);
			name = "Embed Watch Content";
			runOnlyForDeploymentPostprocessing = 0;
		};
/* End PBXCopyFilesBuildPhase section */

/* Begin PBXFileReference section */
		3210CF4A1D55159B009C75F7 /* WorkoutTableRowController.swift */ = {isa = PBXFileReference; fileEncoding = 4; lastKnownFileType = sourcecode.swift; path = WorkoutTableRowController.swift; sourceTree = "<group>"; };
		3210CF4C1D552615009C75F7 /* IntesityTableRowController.swift */ = {isa = PBXFileReference; fileEncoding = 4; lastKnownFileType = sourcecode.swift; path = IntesityTableRowController.swift; sourceTree = "<group>"; };
		3210CF4E1D55265A009C75F7 /* IntesitySelectorController.swift */ = {isa = PBXFileReference; fileEncoding = 4; lastKnownFileType = sourcecode.swift; path = IntesitySelectorController.swift; sourceTree = "<group>"; };
		3213A5C61D597D54000D2455 /* CustomIntensityRowController.swift */ = {isa = PBXFileReference; fileEncoding = 4; lastKnownFileType = sourcecode.swift; path = CustomIntensityRowController.swift; sourceTree = "<group>"; };
		3213A5C81D599279000D2455 /* HeartRateChartController.swift */ = {isa = PBXFileReference; fileEncoding = 4; lastKnownFileType = sourcecode.swift; path = HeartRateChartController.swift; sourceTree = "<group>"; };
		32195CDB1D41666C007C808E /* Heart Up.app */ = {isa = PBXFileReference; explicitFileType = wrapper.application; includeInIndex = 0; path = "Heart Up.app"; sourceTree = BUILT_PRODUCTS_DIR; };
		32195CDE1D41666C007C808E /* AppDelegate.swift */ = {isa = PBXFileReference; lastKnownFileType = sourcecode.swift; path = AppDelegate.swift; sourceTree = "<group>"; };
		32195CE01D41666C007C808E /* ViewController.swift */ = {isa = PBXFileReference; lastKnownFileType = sourcecode.swift; path = ViewController.swift; sourceTree = "<group>"; };
		32195CE31D41666C007C808E /* Base */ = {isa = PBXFileReference; lastKnownFileType = file.storyboard; name = Base; path = Base.lproj/Main.storyboard; sourceTree = "<group>"; };
		32195CE51D41666C007C808E /* Assets.xcassets */ = {isa = PBXFileReference; lastKnownFileType = folder.assetcatalog; path = Assets.xcassets; sourceTree = "<group>"; };
		32195CE81D41666C007C808E /* Base */ = {isa = PBXFileReference; lastKnownFileType = file.storyboard; name = Base; path = Base.lproj/LaunchScreen.storyboard; sourceTree = "<group>"; };
		32195CEA1D41666C007C808E /* Info.plist */ = {isa = PBXFileReference; lastKnownFileType = text.plist.xml; path = Info.plist; sourceTree = "<group>"; };
		32195CEF1D41666C007C808E /* Heart UpTests.xctest */ = {isa = PBXFileReference; explicitFileType = wrapper.cfbundle; includeInIndex = 0; path = "Heart UpTests.xctest"; sourceTree = BUILT_PRODUCTS_DIR; };
		32195CF31D41666C007C808E /* Heart_UpTests.swift */ = {isa = PBXFileReference; lastKnownFileType = sourcecode.swift; path = Heart_UpTests.swift; sourceTree = "<group>"; };
		32195CF51D41666C007C808E /* Info.plist */ = {isa = PBXFileReference; lastKnownFileType = text.plist.xml; path = Info.plist; sourceTree = "<group>"; };
		32195CF81D41666C007C808E /* Heart Up WatchKit App.app */ = {isa = PBXFileReference; explicitFileType = wrapper.application; includeInIndex = 0; path = "Heart Up WatchKit App.app"; sourceTree = BUILT_PRODUCTS_DIR; };
		32195CFE1D41666C007C808E /* Base */ = {isa = PBXFileReference; lastKnownFileType = file.storyboard; name = Base; path = Base.lproj/Interface.storyboard; sourceTree = "<group>"; };
		32195D001D41666C007C808E /* Assets.xcassets */ = {isa = PBXFileReference; lastKnownFileType = folder.assetcatalog; path = Assets.xcassets; sourceTree = "<group>"; };
		32195D021D41666C007C808E /* Info.plist */ = {isa = PBXFileReference; lastKnownFileType = text.plist.xml; path = Info.plist; sourceTree = "<group>"; };
		32195D071D41666D007C808E /* Heart Up WatchKit Extension.appex */ = {isa = PBXFileReference; explicitFileType = "wrapper.app-extension"; includeInIndex = 0; path = "Heart Up WatchKit Extension.appex"; sourceTree = BUILT_PRODUCTS_DIR; };
		32195D0D1D41666D007C808E /* PushNotificationPayload.apns */ = {isa = PBXFileReference; lastKnownFileType = text; path = PushNotificationPayload.apns; sourceTree = "<group>"; };
		32195D0E1D41666D007C808E /* WorkoutController.swift */ = {isa = PBXFileReference; lastKnownFileType = sourcecode.swift; path = WorkoutController.swift; sourceTree = "<group>"; };
		32195D101D41666D007C808E /* ExtensionDelegate.swift */ = {isa = PBXFileReference; lastKnownFileType = sourcecode.swift; path = ExtensionDelegate.swift; sourceTree = "<group>"; };
		32195D121D41666D007C808E /* NotificationController.swift */ = {isa = PBXFileReference; lastKnownFileType = sourcecode.swift; path = NotificationController.swift; sourceTree = "<group>"; };
		32195D141D41666D007C808E /* Assets.xcassets */ = {isa = PBXFileReference; lastKnownFileType = folder.assetcatalog; path = Assets.xcassets; sourceTree = "<group>"; };
		32195D161D41666D007C808E /* Info.plist */ = {isa = PBXFileReference; lastKnownFileType = text.plist.xml; path = Info.plist; sourceTree = "<group>"; };
		32195D271D41673F007C808E /* Heart Up.entitlements */ = {isa = PBXFileReference; lastKnownFileType = text.xml; path = "Heart Up.entitlements"; sourceTree = "<group>"; };
		32195D291D41673F007C808E /* HealthKit.framework */ = {isa = PBXFileReference; lastKnownFileType = wrapper.framework; name = HealthKit.framework; path = System/Library/Frameworks/HealthKit.framework; sourceTree = SDKROOT; };
		3230E7B11D4AAA1300B3986A /* WorkoutSelectionController.swift */ = {isa = PBXFileReference; fileEncoding = 4; lastKnownFileType = sourcecode.swift; path = WorkoutSelectionController.swift; sourceTree = "<group>"; };
		3230E7B31D4AB31D00B3986A /* ReuseWorkoutTableRowController.swift */ = {isa = PBXFileReference; fileEncoding = 4; lastKnownFileType = sourcecode.swift; path = ReuseWorkoutTableRowController.swift; sourceTree = "<group>"; };
		3230E7B61D4ABB1A00B3986A /* Dumbbell.png */ = {isa = PBXFileReference; lastKnownFileType = image.png; name = Dumbbell.png; path = ../../../../../../Desktop/Dumbbell.png; sourceTree = "<group>"; };
		3230E7B81D4AEF8C00B3986A /* StartController.swift */ = {isa = PBXFileReference; fileEncoding = 4; lastKnownFileType = sourcecode.swift; path = StartController.swift; sourceTree = "<group>"; };
		3230E7BC1D4AF70800B3986A /* HeartRateRangeSelectionController.swift */ = {isa = PBXFileReference; fileEncoding = 4; lastKnownFileType = sourcecode.swift; path = HeartRateRangeSelectionController.swift; sourceTree = "<group>"; };
		3270B5B11D4692DB0066E186 /* Heart Up WatchKit Extension.entitlements */ = {isa = PBXFileReference; lastKnownFileType = text.xml; path = "Heart Up WatchKit Extension.entitlements"; sourceTree = "<group>"; };
		3270B5B21D4692DB0066E186 /* HealthKit.framework */ = {isa = PBXFileReference; lastKnownFileType = wrapper.framework; name = HealthKit.framework; path = Platforms/WatchOS.platform/Developer/SDKs/WatchOS3.0.sdk/System/Library/Frameworks/HealthKit.framework; sourceTree = DEVELOPER_DIR; };
		329D9DE21D48658200BF8C51 /* HeartRateStats.swift */ = {isa = PBXFileReference; fileEncoding = 4; lastKnownFileType = sourcecode.swift; path = HeartRateStats.swift; sourceTree = "<group>"; };
		329D9DE41D486B9400BF8C51 /* HeartRateInterface.swift */ = {isa = PBXFileReference; fileEncoding = 4; lastKnownFileType = sourcecode.swift; path = HeartRateInterface.swift; sourceTree = "<group>"; };
		32B418E71D5D3EAB00DA4E52 /* EndWorkoutController.swift */ = {isa = PBXFileReference; fileEncoding = 4; lastKnownFileType = sourcecode.swift; path = EndWorkoutController.swift; sourceTree = "<group>"; };
		32B418E91D5D685A00DA4E52 /* Dates.playground */ = {isa = PBXFileReference; lastKnownFileType = file.playground; path = Dates.playground; sourceTree = "<group>"; };
		32B4E2931D4FC8670074774C /* Heart.png */ = {isa = PBXFileReference; lastKnownFileType = image.png; name = Heart.png; path = ../../../../../../Desktop/Heart.png; sourceTree = "<group>"; };
		32DEE2041D5D8C1B004FDE41 /* Heart Up WatchKit Extension-Bridging-Header.h */ = {isa = PBXFileReference; fileEncoding = 4; lastKnownFileType = sourcecode.c.h; name = "Heart Up WatchKit Extension-Bridging-Header.h"; path = "Libraries/Heart Up WatchKit Extension-Bridging-Header.h"; sourceTree = "<group>"; };
		32DEE2051D5D8C1B004FDE41 /* Heart Up-Bridging-Header.h */ = {isa = PBXFileReference; fileEncoding = 4; lastKnownFileType = sourcecode.c.h; name = "Heart Up-Bridging-Header.h"; path = "Libraries/Heart Up-Bridging-Header.h"; sourceTree = "<group>"; };
		32DEE2131D5D8D5B004FDE41 /* YOBarChartImage.h */ = {isa = PBXFileReference; fileEncoding = 4; lastKnownFileType = sourcecode.c.h; name = YOBarChartImage.h; path = Libraries/YOChartImageKit/YOBarChartImage.h; sourceTree = "<group>"; };
		32DEE2141D5D8D5B004FDE41 /* YOBarChartImage.m */ = {isa = PBXFileReference; fileEncoding = 4; lastKnownFileType = sourcecode.c.objc; name = YOBarChartImage.m; path = Libraries/YOChartImageKit/YOBarChartImage.m; sourceTree = "<group>"; };
		32DEE2151D5D8D5B004FDE41 /* YOChartImageKit.h */ = {isa = PBXFileReference; fileEncoding = 4; lastKnownFileType = sourcecode.c.h; name = YOChartImageKit.h; path = Libraries/YOChartImageKit/YOChartImageKit.h; sourceTree = "<group>"; };
		32DEE2161D5D8D5B004FDE41 /* YODonutChartImage.h */ = {isa = PBXFileReference; fileEncoding = 4; lastKnownFileType = sourcecode.c.h; name = YODonutChartImage.h; path = Libraries/YOChartImageKit/YODonutChartImage.h; sourceTree = "<group>"; };
		32DEE2171D5D8D5B004FDE41 /* YODonutChartImage.m */ = {isa = PBXFileReference; fileEncoding = 4; lastKnownFileType = sourcecode.c.objc; name = YODonutChartImage.m; path = Libraries/YOChartImageKit/YODonutChartImage.m; sourceTree = "<group>"; };
		32DEE2181D5D8D5B004FDE41 /* YOLineChartImage.h */ = {isa = PBXFileReference; fileEncoding = 4; lastKnownFileType = sourcecode.c.h; name = YOLineChartImage.h; path = Libraries/YOChartImageKit/YOLineChartImage.h; sourceTree = "<group>"; };
		32DEE2191D5D8D5B004FDE41 /* YOLineChartImage.m */ = {isa = PBXFileReference; fileEncoding = 4; lastKnownFileType = sourcecode.c.objc; name = YOLineChartImage.m; path = Libraries/YOChartImageKit/YOLineChartImage.m; sourceTree = "<group>"; };
		32E2E4021D52B11800FEB3BA /* WorkoutConfig.swift */ = {isa = PBXFileReference; fileEncoding = 4; lastKnownFileType = sourcecode.swift; path = WorkoutConfig.swift; sourceTree = "<group>"; };
/* End PBXFileReference section */

/* Begin PBXFrameworksBuildPhase section */
		320A24FE1D5C1F7600767A41 /* Frameworks */ = {
			isa = PBXFrameworksBuildPhase;
			buildActionMask = 2147483647;
			files = (
			);
			runOnlyForDeploymentPostprocessing = 0;
		};
		32195CD81D41666C007C808E /* Frameworks */ = {
			isa = PBXFrameworksBuildPhase;
			buildActionMask = 2147483647;
			files = (
				32195D2A1D41673F007C808E /* HealthKit.framework in Frameworks */,
			);
			runOnlyForDeploymentPostprocessing = 0;
		};
		32195CEC1D41666C007C808E /* Frameworks */ = {
			isa = PBXFrameworksBuildPhase;
			buildActionMask = 2147483647;
			files = (
			);
			runOnlyForDeploymentPostprocessing = 0;
		};
		32195D041D41666D007C808E /* Frameworks */ = {
			isa = PBXFrameworksBuildPhase;
			buildActionMask = 2147483647;
			files = (
				3270B5B31D4692DB0066E186 /* HealthKit.framework in Frameworks */,
			);
			runOnlyForDeploymentPostprocessing = 0;
		};
/* End PBXFrameworksBuildPhase section */

/* Begin PBXGroup section */
		3210CF501D552713009C75F7 /* Table Row Controllers */ = {
			isa = PBXGroup;
			children = (
				3210CF4C1D552615009C75F7 /* IntesityTableRowController.swift */,
				3210CF4A1D55159B009C75F7 /* WorkoutTableRowController.swift */,
				3230E7B31D4AB31D00B3986A /* ReuseWorkoutTableRowController.swift */,
				3213A5C61D597D54000D2455 /* CustomIntensityRowController.swift */,
			);
			name = "Table Row Controllers";
			sourceTree = "<group>";
		};
		321329181D4853CA008B0951 /* Shared */ = {
			isa = PBXGroup;
			children = (
				32DEE2131D5D8D5B004FDE41 /* YOBarChartImage.h */,
				32DEE2141D5D8D5B004FDE41 /* YOBarChartImage.m */,
				32DEE2151D5D8D5B004FDE41 /* YOChartImageKit.h */,
				32DEE2161D5D8D5B004FDE41 /* YODonutChartImage.h */,
				32DEE2171D5D8D5B004FDE41 /* YODonutChartImage.m */,
				32DEE2181D5D8D5B004FDE41 /* YOLineChartImage.h */,
				32DEE2191D5D8D5B004FDE41 /* YOLineChartImage.m */,
				32DEE2041D5D8C1B004FDE41 /* Heart Up WatchKit Extension-Bridging-Header.h */,
				32DEE2051D5D8C1B004FDE41 /* Heart Up-Bridging-Header.h */,
			);
			name = Shared;
			sourceTree = "<group>";
		};
		32195CD21D41666C007C808E = {
			isa = PBXGroup;
			children = (
				32195CDD1D41666C007C808E /* Heart Up */,
				32195CF21D41666C007C808E /* Heart UpTests */,
				32195CFC1D41666C007C808E /* Heart Up WatchKit App */,
				32195D0B1D41666D007C808E /* Heart Up WatchKit Extension */,
				32195CDC1D41666C007C808E /* Products */,
				32195D281D41673F007C808E /* Frameworks */,
				321329181D4853CA008B0951 /* Shared */,
			);
			sourceTree = "<group>";
		};
		32195CDC1D41666C007C808E /* Products */ = {
			isa = PBXGroup;
			children = (
				32195CDB1D41666C007C808E /* Heart Up.app */,
				32195CEF1D41666C007C808E /* Heart UpTests.xctest */,
				32195CF81D41666C007C808E /* Heart Up WatchKit App.app */,
				32195D071D41666D007C808E /* Heart Up WatchKit Extension.appex */,
			);
			name = Products;
			sourceTree = "<group>";
		};
		32195CDD1D41666C007C808E /* Heart Up */ = {
			isa = PBXGroup;
			children = (
				32195D271D41673F007C808E /* Heart Up.entitlements */,
				32195CDE1D41666C007C808E /* AppDelegate.swift */,
				32195CE01D41666C007C808E /* ViewController.swift */,
				32195CE21D41666C007C808E /* Main.storyboard */,
				32195CE51D41666C007C808E /* Assets.xcassets */,
				32195CE71D41666C007C808E /* LaunchScreen.storyboard */,
				32195CEA1D41666C007C808E /* Info.plist */,
			);
			path = "Heart Up";
			sourceTree = "<group>";
		};
		32195CF21D41666C007C808E /* Heart UpTests */ = {
			isa = PBXGroup;
			children = (
				32195CF31D41666C007C808E /* Heart_UpTests.swift */,
				32195CF51D41666C007C808E /* Info.plist */,
			);
			path = "Heart UpTests";
			sourceTree = "<group>";
		};
		32195CFC1D41666C007C808E /* Heart Up WatchKit App */ = {
			isa = PBXGroup;
			children = (
				3230E7B51D4ABB0900B3986A /* images */,
				32195CFD1D41666C007C808E /* Interface.storyboard */,
				32195D001D41666C007C808E /* Assets.xcassets */,
				32195D021D41666C007C808E /* Info.plist */,
			);
			path = "Heart Up WatchKit App";
			sourceTree = "<group>";
		};
		32195D0B1D41666D007C808E /* Heart Up WatchKit Extension */ = {
			isa = PBXGroup;
			children = (
				3270B5B11D4692DB0066E186 /* Heart Up WatchKit Extension.entitlements */,
				32B4E2951D5029160074774C /* Controllers */,
				329D9DE21D48658200BF8C51 /* HeartRateStats.swift */,
				329D9DE41D486B9400BF8C51 /* HeartRateInterface.swift */,
				32195D101D41666D007C808E /* ExtensionDelegate.swift */,
				32195D121D41666D007C808E /* NotificationController.swift */,
				32E2E4021D52B11800FEB3BA /* WorkoutConfig.swift */,
				32195D141D41666D007C808E /* Assets.xcassets */,
				32195D161D41666D007C808E /* Info.plist */,
				32195D0C1D41666D007C808E /* Supporting Files */,
				32B418E91D5D685A00DA4E52 /* Dates.playground */,
			);
			path = "Heart Up WatchKit Extension";
			sourceTree = "<group>";
		};
		32195D0C1D41666D007C808E /* Supporting Files */ = {
			isa = PBXGroup;
			children = (
				32195D0D1D41666D007C808E /* PushNotificationPayload.apns */,
			);
			name = "Supporting Files";
			sourceTree = "<group>";
		};
		32195D281D41673F007C808E /* Frameworks */ = {
			isa = PBXGroup;
			children = (
				3270B5B21D4692DB0066E186 /* HealthKit.framework */,
				32195D291D41673F007C808E /* HealthKit.framework */,
			);
			name = Frameworks;
			sourceTree = "<group>";
		};
		3230E7B51D4ABB0900B3986A /* images */ = {
			isa = PBXGroup;
			children = (
				32B4E2931D4FC8670074774C /* Heart.png */,
				3230E7B61D4ABB1A00B3986A /* Dumbbell.png */,
			);
			name = images;
			sourceTree = "<group>";
		};
		32B4E2951D5029160074774C /* Controllers */ = {
			isa = PBXGroup;
			children = (
				3210CF501D552713009C75F7 /* Table Row Controllers */,
				3230E7B81D4AEF8C00B3986A /* StartController.swift */,
				3230E7B11D4AAA1300B3986A /* WorkoutSelectionController.swift */,
				3210CF4E1D55265A009C75F7 /* IntesitySelectorController.swift */,
				3230E7BC1D4AF70800B3986A /* HeartRateRangeSelectionController.swift */,
				32195D0E1D41666D007C808E /* WorkoutController.swift */,
				3213A5C81D599279000D2455 /* HeartRateChartController.swift */,
				32B418E71D5D3EAB00DA4E52 /* EndWorkoutController.swift */,
			);
			name = Controllers;
			sourceTree = "<group>";
		};
/* End PBXGroup section */

/* Begin PBXNativeTarget section */
		32195CDA1D41666C007C808E /* Heart Up */ = {
			isa = PBXNativeTarget;
			buildConfigurationList = 32195D211D41666D007C808E /* Build configuration list for PBXNativeTarget "Heart Up" */;
			buildPhases = (
				32195CD71D41666C007C808E /* Sources */,
				32195CD81D41666C007C808E /* Frameworks */,
				32195CD91D41666C007C808E /* Resources */,
				32195D201D41666D007C808E /* Embed Watch Content */,
			);
			buildRules = (
			);
			dependencies = (
				32195CFB1D41666C007C808E /* PBXTargetDependency */,
			);
			name = "Heart Up";
			productName = "Heart Up";
			productReference = 32195CDB1D41666C007C808E /* Heart Up.app */;
			productType = "com.apple.product-type.application";
		};
		32195CEE1D41666C007C808E /* Heart UpTests */ = {
			isa = PBXNativeTarget;
			buildConfigurationList = 32195D241D41666D007C808E /* Build configuration list for PBXNativeTarget "Heart UpTests" */;
			buildPhases = (
				32195CEB1D41666C007C808E /* Sources */,
				32195CEC1D41666C007C808E /* Frameworks */,
				32195CED1D41666C007C808E /* Resources */,
			);
			buildRules = (
			);
			dependencies = (
				32195CF11D41666C007C808E /* PBXTargetDependency */,
			);
			name = "Heart UpTests";
			productName = "Heart UpTests";
			productReference = 32195CEF1D41666C007C808E /* Heart UpTests.xctest */;
			productType = "com.apple.product-type.bundle.unit-test";
		};
		32195CF71D41666C007C808E /* Heart Up WatchKit App */ = {
			isa = PBXNativeTarget;
			buildConfigurationList = 32195D1D1D41666D007C808E /* Build configuration list for PBXNativeTarget "Heart Up WatchKit App" */;
			buildPhases = (
				32195CF61D41666C007C808E /* Resources */,
				32195D1C1D41666D007C808E /* Embed App Extensions */,
				320A24FE1D5C1F7600767A41 /* Frameworks */,
				320A24FF1D5C1F7600767A41 /* Embed Frameworks */,
			);
			buildRules = (
			);
			dependencies = (
				32195D0A1D41666D007C808E /* PBXTargetDependency */,
			);
			name = "Heart Up WatchKit App";
			productName = "Heart Up WatchKit App";
			productReference = 32195CF81D41666C007C808E /* Heart Up WatchKit App.app */;
			productType = "com.apple.product-type.application.watchapp2";
		};
		32195D061D41666D007C808E /* Heart Up WatchKit Extension */ = {
			isa = PBXNativeTarget;
			buildConfigurationList = 32195D191D41666D007C808E /* Build configuration list for PBXNativeTarget "Heart Up WatchKit Extension" */;
			buildPhases = (
				32195D031D41666D007C808E /* Sources */,
				32195D041D41666D007C808E /* Frameworks */,
				32195D051D41666D007C808E /* Resources */,
			);
			buildRules = (
			);
			dependencies = (
			);
			name = "Heart Up WatchKit Extension";
			productName = "Heart Up WatchKit Extension";
			productReference = 32195D071D41666D007C808E /* Heart Up WatchKit Extension.appex */;
			productType = "com.apple.product-type.watchkit2-extension";
		};
/* End PBXNativeTarget section */

/* Begin PBXProject section */
		32195CD31D41666C007C808E /* Project object */ = {
			isa = PBXProject;
			attributes = {
				LastSwiftUpdateCheck = 0800;
				LastUpgradeCheck = 0800;
				ORGANIZATIONNAME = "Cameron Deardorff";
				TargetAttributes = {
					32195CDA1D41666C007C808E = {
						CreatedOnToolsVersion = 8.0;
						DevelopmentTeam = CU74U85Q8E;
						DevelopmentTeamName = "Cameron Deardorff";
						LastSwiftMigration = 0800;
						ProvisioningStyle = Automatic;
						SystemCapabilities = {
							com.apple.HealthKit = {
								enabled = 1;
							};
						};
					};
					32195CEE1D41666C007C808E = {
						CreatedOnToolsVersion = 8.0;
						DevelopmentTeam = CU74U85Q8E;
						DevelopmentTeamName = "Cameron Deardorff";
						ProvisioningStyle = Automatic;
						TestTargetID = 32195CDA1D41666C007C808E;
					};
					32195CF71D41666C007C808E = {
						CreatedOnToolsVersion = 8.0;
						DevelopmentTeam = CU74U85Q8E;
						DevelopmentTeamName = "Cameron Deardorff";
						ProvisioningStyle = Automatic;
					};
					32195D061D41666D007C808E = {
						CreatedOnToolsVersion = 8.0;
						DevelopmentTeam = CU74U85Q8E;
						DevelopmentTeamName = "Cameron Deardorff";
						LastSwiftMigration = 0800;
						ProvisioningStyle = Automatic;
						SystemCapabilities = {
							com.apple.HealthKit.watchos = {
								enabled = 1;
							};
						};
					};
				};
			};
			buildConfigurationList = 32195CD61D41666C007C808E /* Build configuration list for PBXProject "Heart Up" */;
			compatibilityVersion = "Xcode 3.2";
			developmentRegion = English;
			hasScannedForEncodings = 0;
			knownRegions = (
				en,
				Base,
			);
			mainGroup = 32195CD21D41666C007C808E;
			productRefGroup = 32195CDC1D41666C007C808E /* Products */;
			projectDirPath = "";
			projectRoot = "";
			targets = (
				32195CDA1D41666C007C808E /* Heart Up */,
				32195CEE1D41666C007C808E /* Heart UpTests */,
				32195CF71D41666C007C808E /* Heart Up WatchKit App */,
				32195D061D41666D007C808E /* Heart Up WatchKit Extension */,
			);
		};
/* End PBXProject section */

/* Begin PBXResourcesBuildPhase section */
		32195CD91D41666C007C808E /* Resources */ = {
			isa = PBXResourcesBuildPhase;
			buildActionMask = 2147483647;
			files = (
				32195CE91D41666C007C808E /* LaunchScreen.storyboard in Resources */,
				32195CE61D41666C007C808E /* Assets.xcassets in Resources */,
				32195CE41D41666C007C808E /* Main.storyboard in Resources */,
			);
			runOnlyForDeploymentPostprocessing = 0;
		};
		32195CED1D41666C007C808E /* Resources */ = {
			isa = PBXResourcesBuildPhase;
			buildActionMask = 2147483647;
			files = (
			);
			runOnlyForDeploymentPostprocessing = 0;
		};
		32195CF61D41666C007C808E /* Resources */ = {
			isa = PBXResourcesBuildPhase;
			buildActionMask = 2147483647;
			files = (
				32B4E2941D4FC8670074774C /* Heart.png in Resources */,
				3230E7B71D4ABB1A00B3986A /* Dumbbell.png in Resources */,
				32195D011D41666C007C808E /* Assets.xcassets in Resources */,
				32195CFF1D41666C007C808E /* Interface.storyboard in Resources */,
			);
			runOnlyForDeploymentPostprocessing = 0;
		};
		32195D051D41666D007C808E /* Resources */ = {
			isa = PBXResourcesBuildPhase;
			buildActionMask = 2147483647;
			files = (
				32195D151D41666D007C808E /* Assets.xcassets in Resources */,
			);
			runOnlyForDeploymentPostprocessing = 0;
		};
/* End PBXResourcesBuildPhase section */

/* Begin PBXSourcesBuildPhase section */
		32195CD71D41666C007C808E /* Sources */ = {
			isa = PBXSourcesBuildPhase;
			buildActionMask = 2147483647;
			files = (
				32195CE11D41666C007C808E /* ViewController.swift in Sources */,
				32DEE21C1D5D8D5B004FDE41 /* YODonutChartImage.m in Sources */,
				32195CDF1D41666C007C808E /* AppDelegate.swift in Sources */,
				32DEE21A1D5D8D5B004FDE41 /* YOBarChartImage.m in Sources */,
				32DEE21E1D5D8D5B004FDE41 /* YOLineChartImage.m in Sources */,
			);
			runOnlyForDeploymentPostprocessing = 0;
		};
		32195CEB1D41666C007C808E /* Sources */ = {
			isa = PBXSourcesBuildPhase;
			buildActionMask = 2147483647;
			files = (
				32195CF41D41666C007C808E /* Heart_UpTests.swift in Sources */,
			);
			runOnlyForDeploymentPostprocessing = 0;
		};
		32195D031D41666D007C808E /* Sources */ = {
			isa = PBXSourcesBuildPhase;
			buildActionMask = 2147483647;
			files = (
				3210CF4D1D552615009C75F7 /* IntesityTableRowController.swift in Sources */,
				32DEE21D1D5D8D5B004FDE41 /* YODonutChartImage.m in Sources */,
				3210CF4F1D55265A009C75F7 /* IntesitySelectorController.swift in Sources */,
				32DEE21B1D5D8D5B004FDE41 /* YOBarChartImage.m in Sources */,
				329D9DE51D486B9400BF8C51 /* HeartRateInterface.swift in Sources */,
				3230E7BD1D4AF70800B3986A /* HeartRateRangeSelectionController.swift in Sources */,
				3213A5C91D599279000D2455 /* HeartRateChartController.swift in Sources */,
				3230E7B41D4AB31D00B3986A /* ReuseWorkoutTableRowController.swift in Sources */,
				3230E7B91D4AEF8C00B3986A /* StartController.swift in Sources */,
				32DEE21F1D5D8D5B004FDE41 /* YOLineChartImage.m in Sources */,
				32195D131D41666D007C808E /* NotificationController.swift in Sources */,
				3210CF4B1D55159B009C75F7 /* WorkoutTableRowController.swift in Sources */,
				3230E7B21D4AAA1300B3986A /* WorkoutSelectionController.swift in Sources */,
				3213A5C71D597D54000D2455 /* CustomIntensityRowController.swift in Sources */,
				32B418E81D5D3EAB00DA4E52 /* EndWorkoutController.swift in Sources */,
				329D9DE31D48658200BF8C51 /* HeartRateStats.swift in Sources */,
				32E2E4031D52B11800FEB3BA /* WorkoutConfig.swift in Sources */,
				32195D111D41666D007C808E /* ExtensionDelegate.swift in Sources */,
				32195D0F1D41666D007C808E /* WorkoutController.swift in Sources */,
			);
			runOnlyForDeploymentPostprocessing = 0;
		};
/* End PBXSourcesBuildPhase section */

/* Begin PBXTargetDependency section */
		32195CF11D41666C007C808E /* PBXTargetDependency */ = {
			isa = PBXTargetDependency;
			target = 32195CDA1D41666C007C808E /* Heart Up */;
			targetProxy = 32195CF01D41666C007C808E /* PBXContainerItemProxy */;
		};
		32195CFB1D41666C007C808E /* PBXTargetDependency */ = {
			isa = PBXTargetDependency;
			target = 32195CF71D41666C007C808E /* Heart Up WatchKit App */;
			targetProxy = 32195CFA1D41666C007C808E /* PBXContainerItemProxy */;
		};
		32195D0A1D41666D007C808E /* PBXTargetDependency */ = {
			isa = PBXTargetDependency;
			target = 32195D061D41666D007C808E /* Heart Up WatchKit Extension */;
			targetProxy = 32195D091D41666D007C808E /* PBXContainerItemProxy */;
		};
/* End PBXTargetDependency section */

/* Begin PBXVariantGroup section */
		32195CE21D41666C007C808E /* Main.storyboard */ = {
			isa = PBXVariantGroup;
			children = (
				32195CE31D41666C007C808E /* Base */,
			);
			name = Main.storyboard;
			sourceTree = "<group>";
		};
		32195CE71D41666C007C808E /* LaunchScreen.storyboard */ = {
			isa = PBXVariantGroup;
			children = (
				32195CE81D41666C007C808E /* Base */,
			);
			name = LaunchScreen.storyboard;
			sourceTree = "<group>";
		};
		32195CFD1D41666C007C808E /* Interface.storyboard */ = {
			isa = PBXVariantGroup;
			children = (
				32195CFE1D41666C007C808E /* Base */,
			);
			name = Interface.storyboard;
			sourceTree = "<group>";
		};
/* End PBXVariantGroup section */

/* Begin XCBuildConfiguration section */
		32195D171D41666D007C808E /* Debug */ = {
			isa = XCBuildConfiguration;
			buildSettings = {
				ALWAYS_SEARCH_USER_PATHS = NO;
				CLANG_ANALYZER_NONNULL = YES;
				CLANG_CXX_LANGUAGE_STANDARD = "gnu++0x";
				CLANG_CXX_LIBRARY = "libc++";
				CLANG_ENABLE_MODULES = YES;
				CLANG_ENABLE_OBJC_ARC = YES;
				CLANG_WARN_BOOL_CONVERSION = YES;
				CLANG_WARN_CONSTANT_CONVERSION = YES;
				CLANG_WARN_DIRECT_OBJC_ISA_USAGE = YES_ERROR;
				CLANG_WARN_DOCUMENTATION_COMMENTS = YES;
				CLANG_WARN_EMPTY_BODY = YES;
				CLANG_WARN_ENUM_CONVERSION = YES;
				CLANG_WARN_INT_CONVERSION = YES;
				CLANG_WARN_OBJC_ROOT_CLASS = YES_ERROR;
				CLANG_WARN_UNREACHABLE_CODE = YES;
				CLANG_WARN__DUPLICATE_METHOD_MATCH = YES;
				"CODE_SIGN_IDENTITY[sdk=iphoneos*]" = "iPhone Developer";
				COPY_PHASE_STRIP = NO;
				DEBUG_INFORMATION_FORMAT = dwarf;
				ENABLE_STRICT_OBJC_MSGSEND = YES;
				ENABLE_TESTABILITY = YES;
				GCC_C_LANGUAGE_STANDARD = gnu99;
				GCC_DYNAMIC_NO_PIC = NO;
				GCC_NO_COMMON_BLOCKS = YES;
				GCC_OPTIMIZATION_LEVEL = 0;
				GCC_PREPROCESSOR_DEFINITIONS = (
					"DEBUG=1",
					"$(inherited)",
				);
				GCC_WARN_64_TO_32_BIT_CONVERSION = YES;
				GCC_WARN_ABOUT_RETURN_TYPE = YES_ERROR;
				GCC_WARN_UNDECLARED_SELECTOR = YES;
				GCC_WARN_UNINITIALIZED_AUTOS = YES_AGGRESSIVE;
				GCC_WARN_UNUSED_FUNCTION = YES;
				GCC_WARN_UNUSED_VARIABLE = YES;
				IPHONEOS_DEPLOYMENT_TARGET = 10.0;
				MTL_ENABLE_DEBUG_INFO = YES;
				ONLY_ACTIVE_ARCH = YES;
				SDKROOT = iphoneos;
				SWIFT_ACTIVE_COMPILATION_CONDITIONS = DEBUG;
				SWIFT_OBJC_BRIDGING_HEADER = "Libraries/Heart Up WatchKit Extension-Bridging-Header.h";
				SWIFT_OPTIMIZATION_LEVEL = "-Onone";
				TARGETED_DEVICE_FAMILY = "1,2";
			};
			name = Debug;
		};
		32195D181D41666D007C808E /* Release */ = {
			isa = XCBuildConfiguration;
			buildSettings = {
				ALWAYS_SEARCH_USER_PATHS = NO;
				CLANG_ANALYZER_NONNULL = YES;
				CLANG_CXX_LANGUAGE_STANDARD = "gnu++0x";
				CLANG_CXX_LIBRARY = "libc++";
				CLANG_ENABLE_MODULES = YES;
				CLANG_ENABLE_OBJC_ARC = YES;
				CLANG_WARN_BOOL_CONVERSION = YES;
				CLANG_WARN_CONSTANT_CONVERSION = YES;
				CLANG_WARN_DIRECT_OBJC_ISA_USAGE = YES_ERROR;
				CLANG_WARN_DOCUMENTATION_COMMENTS = YES;
				CLANG_WARN_EMPTY_BODY = YES;
				CLANG_WARN_ENUM_CONVERSION = YES;
				CLANG_WARN_INT_CONVERSION = YES;
				CLANG_WARN_OBJC_ROOT_CLASS = YES_ERROR;
				CLANG_WARN_UNREACHABLE_CODE = YES;
				CLANG_WARN__DUPLICATE_METHOD_MATCH = YES;
				"CODE_SIGN_IDENTITY[sdk=iphoneos*]" = "iPhone Developer";
				COPY_PHASE_STRIP = NO;
				DEBUG_INFORMATION_FORMAT = "dwarf-with-dsym";
				ENABLE_NS_ASSERTIONS = NO;
				ENABLE_STRICT_OBJC_MSGSEND = YES;
				GCC_C_LANGUAGE_STANDARD = gnu99;
				GCC_NO_COMMON_BLOCKS = YES;
				GCC_WARN_64_TO_32_BIT_CONVERSION = YES;
				GCC_WARN_ABOUT_RETURN_TYPE = YES_ERROR;
				GCC_WARN_UNDECLARED_SELECTOR = YES;
				GCC_WARN_UNINITIALIZED_AUTOS = YES_AGGRESSIVE;
				GCC_WARN_UNUSED_FUNCTION = YES;
				GCC_WARN_UNUSED_VARIABLE = YES;
				IPHONEOS_DEPLOYMENT_TARGET = 10.0;
				MTL_ENABLE_DEBUG_INFO = NO;
				SDKROOT = iphoneos;
				SWIFT_OBJC_BRIDGING_HEADER = "Libraries/Heart Up WatchKit Extension-Bridging-Header.h";
				SWIFT_OPTIMIZATION_LEVEL = "-Owholemodule";
				TARGETED_DEVICE_FAMILY = "1,2";
				VALIDATE_PRODUCT = YES;
			};
			name = Release;
		};
		32195D1A1D41666D007C808E /* Debug */ = {
			isa = XCBuildConfiguration;
			buildSettings = {
				ASSETCATALOG_COMPILER_COMPLICATION_NAME = Complication;
				CLANG_ENABLE_MODULES = YES;
				CODE_SIGN_ENTITLEMENTS = "Heart Up WatchKit Extension/Heart Up WatchKit Extension.entitlements";
				INFOPLIST_FILE = "Heart Up WatchKit Extension/Info.plist";
				LD_RUNPATH_SEARCH_PATHS = "$(inherited) @executable_path/Frameworks @executable_path/../../Frameworks";
				PRODUCT_BUNDLE_IDENTIFIER = "Cameron-Deardorff.Heart-Up.watchkitapp.watchkitextension";
				PRODUCT_NAME = "${TARGET_NAME}";
				SDKROOT = watchos;
				SKIP_INSTALL = YES;
				SWIFT_OBJC_BRIDGING_HEADER = "Libraries/Heart Up WatchKit Extension-Bridging-Header.h";
				SWIFT_OPTIMIZATION_LEVEL = "-Onone";
				SWIFT_VERSION = 3.0;
				TARGETED_DEVICE_FAMILY = 4;
				WATCHOS_DEPLOYMENT_TARGET = 3.0;
			};
			name = Debug;
		};
		32195D1B1D41666D007C808E /* Release */ = {
			isa = XCBuildConfiguration;
			buildSettings = {
				ASSETCATALOG_COMPILER_COMPLICATION_NAME = Complication;
				CLANG_ENABLE_MODULES = YES;
				CODE_SIGN_ENTITLEMENTS = "Heart Up WatchKit Extension/Heart Up WatchKit Extension.entitlements";
				INFOPLIST_FILE = "Heart Up WatchKit Extension/Info.plist";
				LD_RUNPATH_SEARCH_PATHS = "$(inherited) @executable_path/Frameworks @executable_path/../../Frameworks";
				PRODUCT_BUNDLE_IDENTIFIER = "Cameron-Deardorff.Heart-Up.watchkitapp.watchkitextension";
				PRODUCT_NAME = "${TARGET_NAME}";
				SDKROOT = watchos;
				SKIP_INSTALL = YES;
				SWIFT_OBJC_BRIDGING_HEADER = "Libraries/Heart Up WatchKit Extension-Bridging-Header.h";
				SWIFT_VERSION = 3.0;
				TARGETED_DEVICE_FAMILY = 4;
				WATCHOS_DEPLOYMENT_TARGET = 3.0;
			};
			name = Release;
		};
		32195D1E1D41666D007C808E /* Debug */ = {
			isa = XCBuildConfiguration;
			buildSettings = {
				ALWAYS_EMBED_SWIFT_STANDARD_LIBRARIES = YES;
				ASSETCATALOG_COMPILER_APPICON_NAME = AppIcon;
				IBSC_MODULE = Heart_Up_WatchKit_Extension;
				INFOPLIST_FILE = "Heart Up WatchKit App/Info.plist";
				LD_RUNPATH_SEARCH_PATHS = "$(inherited) @executable_path/Frameworks";
				PRODUCT_BUNDLE_IDENTIFIER = "Cameron-Deardorff.Heart-Up.watchkitapp";
				PRODUCT_NAME = "$(TARGET_NAME)";
				SDKROOT = watchos;
				SKIP_INSTALL = YES;
				SWIFT_VERSION = 3.0;
				TARGETED_DEVICE_FAMILY = 4;
				WATCHOS_DEPLOYMENT_TARGET = 3.0;
			};
			name = Debug;
		};
		32195D1F1D41666D007C808E /* Release */ = {
			isa = XCBuildConfiguration;
			buildSettings = {
				ALWAYS_EMBED_SWIFT_STANDARD_LIBRARIES = YES;
				ASSETCATALOG_COMPILER_APPICON_NAME = AppIcon;
				IBSC_MODULE = Heart_Up_WatchKit_Extension;
				INFOPLIST_FILE = "Heart Up WatchKit App/Info.plist";
				LD_RUNPATH_SEARCH_PATHS = "$(inherited) @executable_path/Frameworks";
				PRODUCT_BUNDLE_IDENTIFIER = "Cameron-Deardorff.Heart-Up.watchkitapp";
				PRODUCT_NAME = "$(TARGET_NAME)";
				SDKROOT = watchos;
				SKIP_INSTALL = YES;
				SWIFT_VERSION = 3.0;
				TARGETED_DEVICE_FAMILY = 4;
				WATCHOS_DEPLOYMENT_TARGET = 3.0;
			};
			name = Release;
		};
		32195D221D41666D007C808E /* Debug */ = {
			isa = XCBuildConfiguration;
			buildSettings = {
				ASSETCATALOG_COMPILER_APPICON_NAME = AppIcon;
				CLANG_ENABLE_MODULES = YES;
				CODE_SIGN_ENTITLEMENTS = "Heart Up/Heart Up.entitlements";
				INFOPLIST_FILE = "Heart Up/Info.plist";
				LD_RUNPATH_SEARCH_PATHS = "$(inherited) @executable_path/Frameworks";
				PRODUCT_BUNDLE_IDENTIFIER = "Cameron-Deardorff.Heart-Up";
				PRODUCT_NAME = "$(TARGET_NAME)";
				SWIFT_OBJC_BRIDGING_HEADER = "Libraries/Heart Up-Bridging-Header.h";
				SWIFT_OPTIMIZATION_LEVEL = "-Onone";
				SWIFT_VERSION = 3.0;
			};
			name = Debug;
		};
		32195D231D41666D007C808E /* Release */ = {
			isa = XCBuildConfiguration;
			buildSettings = {
				ASSETCATALOG_COMPILER_APPICON_NAME = AppIcon;
				CLANG_ENABLE_MODULES = YES;
				CODE_SIGN_ENTITLEMENTS = "Heart Up/Heart Up.entitlements";
				INFOPLIST_FILE = "Heart Up/Info.plist";
				LD_RUNPATH_SEARCH_PATHS = "$(inherited) @executable_path/Frameworks";
				PRODUCT_BUNDLE_IDENTIFIER = "Cameron-Deardorff.Heart-Up";
				PRODUCT_NAME = "$(TARGET_NAME)";
				SWIFT_OBJC_BRIDGING_HEADER = "Libraries/Heart Up-Bridging-Header.h";
				SWIFT_VERSION = 3.0;
			};
			name = Release;
		};
		32195D251D41666D007C808E /* Debug */ = {
			isa = XCBuildConfiguration;
			buildSettings = {
				BUNDLE_LOADER = "$(TEST_HOST)";
				INFOPLIST_FILE = "Heart UpTests/Info.plist";
				LD_RUNPATH_SEARCH_PATHS = "$(inherited) @executable_path/Frameworks @loader_path/Frameworks";
				PRODUCT_BUNDLE_IDENTIFIER = "Cameron-Deardorff.Heart-UpTests";
				PRODUCT_NAME = "$(TARGET_NAME)";
				SWIFT_VERSION = 3.0;
				TEST_HOST = "$(BUILT_PRODUCTS_DIR)/Heart Up.app/Heart Up";
			};
			name = Debug;
		};
		32195D261D41666D007C808E /* Release */ = {
			isa = XCBuildConfiguration;
			buildSettings = {
				BUNDLE_LOADER = "$(TEST_HOST)";
				INFOPLIST_FILE = "Heart UpTests/Info.plist";
				LD_RUNPATH_SEARCH_PATHS = "$(inherited) @executable_path/Frameworks @loader_path/Frameworks";
				PRODUCT_BUNDLE_IDENTIFIER = "Cameron-Deardorff.Heart-UpTests";
				PRODUCT_NAME = "$(TARGET_NAME)";
				SWIFT_VERSION = 3.0;
				TEST_HOST = "$(BUILT_PRODUCTS_DIR)/Heart Up.app/Heart Up";
			};
			name = Release;
		};
/* End XCBuildConfiguration section */

/* Begin XCConfigurationList section */
		32195CD61D41666C007C808E /* Build configuration list for PBXProject "Heart Up" */ = {
			isa = XCConfigurationList;
			buildConfigurations = (
				32195D171D41666D007C808E /* Debug */,
				32195D181D41666D007C808E /* Release */,
			);
			defaultConfigurationIsVisible = 0;
			defaultConfigurationName = Release;
		};
		32195D191D41666D007C808E /* Build configuration list for PBXNativeTarget "Heart Up WatchKit Extension" */ = {
			isa = XCConfigurationList;
			buildConfigurations = (
				32195D1A1D41666D007C808E /* Debug */,
				32195D1B1D41666D007C808E /* Release */,
			);
			defaultConfigurationIsVisible = 0;
			defaultConfigurationName = Release;
		};
		32195D1D1D41666D007C808E /* Build configuration list for PBXNativeTarget "Heart Up WatchKit App" */ = {
			isa = XCConfigurationList;
			buildConfigurations = (
				32195D1E1D41666D007C808E /* Debug */,
				32195D1F1D41666D007C808E /* Release */,
			);
			defaultConfigurationIsVisible = 0;
			defaultConfigurationName = Release;
		};
		32195D211D41666D007C808E /* Build configuration list for PBXNativeTarget "Heart Up" */ = {
			isa = XCConfigurationList;
			buildConfigurations = (
				32195D221D41666D007C808E /* Debug */,
				32195D231D41666D007C808E /* Release */,
			);
			defaultConfigurationIsVisible = 0;
			defaultConfigurationName = Release;
		};
		32195D241D41666D007C808E /* Build configuration list for PBXNativeTarget "Heart UpTests" */ = {
			isa = XCConfigurationList;
			buildConfigurations = (
				32195D251D41666D007C808E /* Debug */,
				32195D261D41666D007C808E /* Release */,
			);
			defaultConfigurationIsVisible = 0;
			defaultConfigurationName = Release;
		};
/* End XCConfigurationList section */
	};
	rootObject = 32195CD31D41666C007C808E /* Project object */;
}
