// !$*UTF8*$!
{
	archiveVersion = 1;
	classes = {
	};
	objectVersion = 46;
	objects = {

/* Begin PBXBuildFile section */
		01DFA0D79920161A8D06106A /* Pods_Heart_UpTests.framework in Frameworks */ = {isa = PBXBuildFile; fileRef = 5668CBE1EB7431C4E1B915D7 /* Pods_Heart_UpTests.framework */; };
		3210CF4B1D55159B009C75F7 /* WorkoutTableRowController.swift in Sources */ = {isa = PBXBuildFile; fileRef = 3210CF4A1D55159B009C75F7 /* WorkoutTableRowController.swift */; };
		3210CF4D1D552615009C75F7 /* IntesityTableRowController.swift in Sources */ = {isa = PBXBuildFile; fileRef = 3210CF4C1D552615009C75F7 /* IntesityTableRowController.swift */; };
		3210CF4F1D55265A009C75F7 /* IntesitySelectorController.swift in Sources */ = {isa = PBXBuildFile; fileRef = 3210CF4E1D55265A009C75F7 /* IntesitySelectorController.swift */; };
		3213A5C71D597D54000D2455 /* CustomIntensityRowController.swift in Sources */ = {isa = PBXBuildFile; fileRef = 3213A5C61D597D54000D2455 /* CustomIntensityRowController.swift */; };
		3213A5C91D599279000D2455 /* HeartRateChartController.swift in Sources */ = {isa = PBXBuildFile; fileRef = 3213A5C81D599279000D2455 /* HeartRateChartController.swift */; };
		32195CDF1D41666C007C808E /* AppDelegate.swift in Sources */ = {isa = PBXBuildFile; fileRef = 32195CDE1D41666C007C808E /* AppDelegate.swift */; };
		32195CE11D41666C007C808E /* WorkoutList.swift in Sources */ = {isa = PBXBuildFile; fileRef = 32195CE01D41666C007C808E /* WorkoutList.swift */; };
		32195CE41D41666C007C808E /* Main.storyboard in Resources */ = {isa = PBXBuildFile; fileRef = 32195CE21D41666C007C808E /* Main.storyboard */; };
		32195CE61D41666C007C808E /* Assets.xcassets in Resources */ = {isa = PBXBuildFile; fileRef = 32195CE51D41666C007C808E /* Assets.xcassets */; };
		32195CE91D41666C007C808E /* LaunchScreen.storyboard in Resources */ = {isa = PBXBuildFile; fileRef = 32195CE71D41666C007C808E /* LaunchScreen.storyboard */; };
		32195CF41D41666C007C808E /* Heart_UpTests.swift in Sources */ = {isa = PBXBuildFile; fileRef = 32195CF31D41666C007C808E /* Heart_UpTests.swift */; };
		32195CF91D41666C007C808E /* Heart Up WatchKit App.app in Embed Watch Content */ = {isa = PBXBuildFile; fileRef = 32195CF81D41666C007C808E /* Heart Up WatchKit App.app */; };
		32195CFF1D41666C007C808E /* Interface.storyboard in Resources */ = {isa = PBXBuildFile; fileRef = 32195CFD1D41666C007C808E /* Interface.storyboard */; };
		32195D011D41666C007C808E /* Assets.xcassets in Resources */ = {isa = PBXBuildFile; fileRef = 32195D001D41666C007C808E /* Assets.xcassets */; };
		32195D081D41666D007C808E /* Heart Up WatchKit Extension.appex in Embed App Extensions */ = {isa = PBXBuildFile; fileRef = 32195D071D41666D007C808E /* Heart Up WatchKit Extension.appex */; settings = {ATTRIBUTES = (RemoveHeadersOnCopy, ); }; };
		32195D0F1D41666D007C808E /* WorkoutController.swift in Sources */ = {isa = PBXBuildFile; fileRef = 32195D0E1D41666D007C808E /* WorkoutController.swift */; };
		32195D111D41666D007C808E /* ExtensionDelegate.swift in Sources */ = {isa = PBXBuildFile; fileRef = 32195D101D41666D007C808E /* ExtensionDelegate.swift */; };
		32195D131D41666D007C808E /* NotificationController.swift in Sources */ = {isa = PBXBuildFile; fileRef = 32195D121D41666D007C808E /* NotificationController.swift */; };
		32195D151D41666D007C808E /* Assets.xcassets in Resources */ = {isa = PBXBuildFile; fileRef = 32195D141D41666D007C808E /* Assets.xcassets */; };
		32195D2A1D41673F007C808E /* HealthKit.framework in Frameworks */ = {isa = PBXBuildFile; fileRef = 32195D291D41673F007C808E /* HealthKit.framework */; };
		322403611DEA5021008DDD1D /* IntensityLevel.swift in Sources */ = {isa = PBXBuildFile; fileRef = 322403601DEA5021008DDD1D /* IntensityLevel.swift */; };
		322403621DEA5021008DDD1D /* IntensityLevel.swift in Sources */ = {isa = PBXBuildFile; fileRef = 322403601DEA5021008DDD1D /* IntensityLevel.swift */; };
		3230E7B21D4AAA1300B3986A /* WorkoutSelectionController.swift in Sources */ = {isa = PBXBuildFile; fileRef = 3230E7B11D4AAA1300B3986A /* WorkoutSelectionController.swift */; };
		3230E7B41D4AB31D00B3986A /* ReuseWorkoutTableRowController.swift in Sources */ = {isa = PBXBuildFile; fileRef = 3230E7B31D4AB31D00B3986A /* ReuseWorkoutTableRowController.swift */; };
		3230E7B91D4AEF8C00B3986A /* StartController.swift in Sources */ = {isa = PBXBuildFile; fileRef = 3230E7B81D4AEF8C00B3986A /* StartController.swift */; };
		3230E7BD1D4AF70800B3986A /* HeartRateRangeSelectionController.swift in Sources */ = {isa = PBXBuildFile; fileRef = 3230E7BC1D4AF70800B3986A /* HeartRateRangeSelectionController.swift */; };
		323391BA1DAC9908003FF419 /* ApplicationData.swift in Sources */ = {isa = PBXBuildFile; fileRef = 32E2E4021D52B11800FEB3BA /* ApplicationData.swift */; };
		326E034D1DA04B290066807D /* WorkoutSender.swift in Sources */ = {isa = PBXBuildFile; fileRef = 326E034C1DA04B290066807D /* WorkoutSender.swift */; };
		3270B5B31D4692DB0066E186 /* HealthKit.framework in Frameworks */ = {isa = PBXBuildFile; fileRef = 3270B5B21D4692DB0066E186 /* HealthKit.framework */; };
		3291C5351DAC41A7005BD160 /* WatchCommunicator.swift in Sources */ = {isa = PBXBuildFile; fileRef = 3291C5341DAC41A7005BD160 /* WatchCommunicator.swift */; };
		329D9DE31D48658200BF8C51 /* HealthDataStats.swift in Sources */ = {isa = PBXBuildFile; fileRef = 329D9DE21D48658200BF8C51 /* HealthDataStats.swift */; };
		329D9DE51D486B9400BF8C51 /* HealthDataInterface.swift in Sources */ = {isa = PBXBuildFile; fileRef = 329D9DE41D486B9400BF8C51 /* HealthDataInterface.swift */; };
		32B493571D89C3670099BE5F /* PostWorkoutController.swift in Sources */ = {isa = PBXBuildFile; fileRef = 32B493561D89C3670099BE5F /* PostWorkoutController.swift */; };
		32DC444A1D89C85D00463A37 /* Workout.swift in Sources */ = {isa = PBXBuildFile; fileRef = 32DC44491D89C85D00463A37 /* Workout.swift */; };
		32DC444B1D89C85D00463A37 /* Workout.swift in Sources */ = {isa = PBXBuildFile; fileRef = 32DC44491D89C85D00463A37 /* Workout.swift */; };
		32DCCE4D1D63FAF50089AE98 /* Yoga.svg in Resources */ = {isa = PBXBuildFile; fileRef = 32DCCE311D63FAF50089AE98 /* Yoga.svg */; };
		32DCCE4E1D63FAF50089AE98 /* Yoga.svg in Resources */ = {isa = PBXBuildFile; fileRef = 32DCCE311D63FAF50089AE98 /* Yoga.svg */; };
		32DCCE4F1D63FAF50089AE98 /* Yoga.svg in Resources */ = {isa = PBXBuildFile; fileRef = 32DCCE311D63FAF50089AE98 /* Yoga.svg */; };
		32DCCE591D640A860089AE98 /* CrossFit.png in Resources */ = {isa = PBXBuildFile; fileRef = 32DCCE501D640A860089AE98 /* CrossFit.png */; };
		32DCCE5A1D640A860089AE98 /* CrossFit.png in Resources */ = {isa = PBXBuildFile; fileRef = 32DCCE501D640A860089AE98 /* CrossFit.png */; };
		32DCCE5B1D640A860089AE98 /* CrossFit.png in Resources */ = {isa = PBXBuildFile; fileRef = 32DCCE501D640A860089AE98 /* CrossFit.png */; };
		32DCCE5F1D640A860089AE98 /* JumpRope.png in Resources */ = {isa = PBXBuildFile; fileRef = 32DCCE521D640A860089AE98 /* JumpRope.png */; };
		32DCCE601D640A860089AE98 /* JumpRope.png in Resources */ = {isa = PBXBuildFile; fileRef = 32DCCE521D640A860089AE98 /* JumpRope.png */; };
		32DCCE611D640A860089AE98 /* JumpRope.png in Resources */ = {isa = PBXBuildFile; fileRef = 32DCCE521D640A860089AE98 /* JumpRope.png */; };
		32DCCE621D640A860089AE98 /* Meditating.png in Resources */ = {isa = PBXBuildFile; fileRef = 32DCCE531D640A860089AE98 /* Meditating.png */; };
		32DCCE631D640A860089AE98 /* Meditating.png in Resources */ = {isa = PBXBuildFile; fileRef = 32DCCE531D640A860089AE98 /* Meditating.png */; };
		32DCCE641D640A860089AE98 /* Meditating.png in Resources */ = {isa = PBXBuildFile; fileRef = 32DCCE531D640A860089AE98 /* Meditating.png */; };
		32DCCE651D640A860089AE98 /* Person.png in Resources */ = {isa = PBXBuildFile; fileRef = 32DCCE541D640A860089AE98 /* Person.png */; };
		32DCCE661D640A860089AE98 /* Person.png in Resources */ = {isa = PBXBuildFile; fileRef = 32DCCE541D640A860089AE98 /* Person.png */; };
		32DCCE671D640A860089AE98 /* Person.png in Resources */ = {isa = PBXBuildFile; fileRef = 32DCCE541D640A860089AE98 /* Person.png */; };
		32DCCE681D640A860089AE98 /* Pilates.png in Resources */ = {isa = PBXBuildFile; fileRef = 32DCCE551D640A860089AE98 /* Pilates.png */; };
		32DCCE691D640A860089AE98 /* Pilates.png in Resources */ = {isa = PBXBuildFile; fileRef = 32DCCE551D640A860089AE98 /* Pilates.png */; };
		32DCCE6A1D640A860089AE98 /* Pilates.png in Resources */ = {isa = PBXBuildFile; fileRef = 32DCCE551D640A860089AE98 /* Pilates.png */; };
		32DCCE6E1D640A860089AE98 /* Weightlifting.png in Resources */ = {isa = PBXBuildFile; fileRef = 32DCCE571D640A860089AE98 /* Weightlifting.png */; };
		32DCCE6F1D640A860089AE98 /* Weightlifting.png in Resources */ = {isa = PBXBuildFile; fileRef = 32DCCE571D640A860089AE98 /* Weightlifting.png */; };
		32DCCE701D640A860089AE98 /* Weightlifting.png in Resources */ = {isa = PBXBuildFile; fileRef = 32DCCE571D640A860089AE98 /* Weightlifting.png */; };
		32DCCE711D640A860089AE98 /* Yoga.png in Resources */ = {isa = PBXBuildFile; fileRef = 32DCCE581D640A860089AE98 /* Yoga.png */; };
		32DCCE721D640A860089AE98 /* Yoga.png in Resources */ = {isa = PBXBuildFile; fileRef = 32DCCE581D640A860089AE98 /* Yoga.png */; };
		32DCCE731D640A860089AE98 /* Yoga.png in Resources */ = {isa = PBXBuildFile; fileRef = 32DCCE581D640A860089AE98 /* Yoga.png */; };
		32DCCE781D640C630089AE98 /* IndoorCycling.png in Resources */ = {isa = PBXBuildFile; fileRef = 32DCCE741D640C630089AE98 /* IndoorCycling.png */; };
		32DCCE791D640C630089AE98 /* IndoorCycling.png in Resources */ = {isa = PBXBuildFile; fileRef = 32DCCE741D640C630089AE98 /* IndoorCycling.png */; };
		32DCCE7A1D640C630089AE98 /* IndoorCycling.png in Resources */ = {isa = PBXBuildFile; fileRef = 32DCCE741D640C630089AE98 /* IndoorCycling.png */; };
		32DCCE7B1D640C630089AE98 /* IndoorRunning.png in Resources */ = {isa = PBXBuildFile; fileRef = 32DCCE751D640C630089AE98 /* IndoorRunning.png */; };
		32DCCE7C1D640C630089AE98 /* IndoorRunning.png in Resources */ = {isa = PBXBuildFile; fileRef = 32DCCE751D640C630089AE98 /* IndoorRunning.png */; };
		32DCCE7D1D640C630089AE98 /* IndoorRunning.png in Resources */ = {isa = PBXBuildFile; fileRef = 32DCCE751D640C630089AE98 /* IndoorRunning.png */; };
		32DCCE7E1D640C630089AE98 /* OutdoorCycling.png in Resources */ = {isa = PBXBuildFile; fileRef = 32DCCE761D640C630089AE98 /* OutdoorCycling.png */; };
		32DCCE7F1D640C630089AE98 /* OutdoorCycling.png in Resources */ = {isa = PBXBuildFile; fileRef = 32DCCE761D640C630089AE98 /* OutdoorCycling.png */; };
		32DCCE801D640C630089AE98 /* OutdoorCycling.png in Resources */ = {isa = PBXBuildFile; fileRef = 32DCCE761D640C630089AE98 /* OutdoorCycling.png */; };
		32DCCE811D640C630089AE98 /* OutdoorRunning.png in Resources */ = {isa = PBXBuildFile; fileRef = 32DCCE771D640C630089AE98 /* OutdoorRunning.png */; };
		32DCCE821D640C630089AE98 /* OutdoorRunning.png in Resources */ = {isa = PBXBuildFile; fileRef = 32DCCE771D640C630089AE98 /* OutdoorRunning.png */; };
		32DCCE831D640C630089AE98 /* OutdoorRunning.png in Resources */ = {isa = PBXBuildFile; fileRef = 32DCCE771D640C630089AE98 /* OutdoorRunning.png */; };
		32DD1B9A1DAC9A6B001A2FAC /* WorkoutTableViewCell.swift in Sources */ = {isa = PBXBuildFile; fileRef = 32DD1B991DAC9A6B001A2FAC /* WorkoutTableViewCell.swift */; };
		32DD1B9E1DAC9B07001A2FAC /* WorkoutTableViewCell.xib in Resources */ = {isa = PBXBuildFile; fileRef = 32DD1B9D1DAC9B07001A2FAC /* WorkoutTableViewCell.xib */; };
		32DD1BA01DACA8AC001A2FAC /* WorkoutSummary.swift in Sources */ = {isa = PBXBuildFile; fileRef = 32DD1B9F1DACA8AC001A2FAC /* WorkoutSummary.swift */; };
		32DEE21C1D5D8D5B004FDE41 /* YODonutChartImage.m in Sources */ = {isa = PBXBuildFile; fileRef = 32DEE2171D5D8D5B004FDE41 /* YODonutChartImage.m */; };
		32DEE21D1D5D8D5B004FDE41 /* YODonutChartImage.m in Sources */ = {isa = PBXBuildFile; fileRef = 32DEE2171D5D8D5B004FDE41 /* YODonutChartImage.m */; };
		32DEE21E1D5D8D5B004FDE41 /* YOLineChartImage.m in Sources */ = {isa = PBXBuildFile; fileRef = 32DEE2191D5D8D5B004FDE41 /* YOLineChartImage.m */; };
		32DEE21F1D5D8D5B004FDE41 /* YOLineChartImage.m in Sources */ = {isa = PBXBuildFile; fileRef = 32DEE2191D5D8D5B004FDE41 /* YOLineChartImage.m */; };
		32E2E4031D52B11800FEB3BA /* ApplicationData.swift in Sources */ = {isa = PBXBuildFile; fileRef = 32E2E4021D52B11800FEB3BA /* ApplicationData.swift */; };
		4A1F9C5A74BB064405708064 /* Pods_Heart_Up.framework in Frameworks */ = {isa = PBXBuildFile; fileRef = FF2356DFD7ECA554437D5C17 /* Pods_Heart_Up.framework */; };
		50918F8A116264D3BA5ED757 /* Pods_Heart_Up_WatchKit_App.framework in Frameworks */ = {isa = PBXBuildFile; fileRef = CE51070259E44AC899098FB8 /* Pods_Heart_Up_WatchKit_App.framework */; };
		E1D26D000A9913BE615A23EC /* Pods_Heart_Up_WatchKit_Extension.framework in Frameworks */ = {isa = PBXBuildFile; fileRef = CA9D1DA741EC899F94FFC2F5 /* Pods_Heart_Up_WatchKit_Extension.framework */; };
/* End PBXBuildFile section */

/* Begin PBXContainerItemProxy section */
		32195CF01D41666C007C808E /* PBXContainerItemProxy */ = {
			isa = PBXContainerItemProxy;
			containerPortal = 32195CD31D41666C007C808E /* Project object */;
			proxyType = 1;
			remoteGlobalIDString = 32195CDA1D41666C007C808E;
			remoteInfo = "Heart Up";
		};
		32195CFA1D41666C007C808E /* PBXContainerItemProxy */ = {
			isa = PBXContainerItemProxy;
			containerPortal = 32195CD31D41666C007C808E /* Project object */;
			proxyType = 1;
			remoteGlobalIDString = 32195CF71D41666C007C808E;
			remoteInfo = "Heart Up WatchKit App";
		};
		32195D091D41666D007C808E /* PBXContainerItemProxy */ = {
			isa = PBXContainerItemProxy;
			containerPortal = 32195CD31D41666C007C808E /* Project object */;
			proxyType = 1;
			remoteGlobalIDString = 32195D061D41666D007C808E;
			remoteInfo = "Heart Up WatchKit Extension";
		};
/* End PBXContainerItemProxy section */

/* Begin PBXCopyFilesBuildPhase section */
		320A24FF1D5C1F7600767A41 /* Embed Frameworks */ = {
			isa = PBXCopyFilesBuildPhase;
			buildActionMask = 2147483647;
			dstPath = "";
			dstSubfolderSpec = 10;
			files = (
			);
			name = "Embed Frameworks";
			runOnlyForDeploymentPostprocessing = 0;
		};
		32195D1C1D41666D007C808E /* Embed App Extensions */ = {
			isa = PBXCopyFilesBuildPhase;
			buildActionMask = 2147483647;
			dstPath = "";
			dstSubfolderSpec = 13;
			files = (
				32195D081D41666D007C808E /* Heart Up WatchKit Extension.appex in Embed App Extensions */,
			);
			name = "Embed App Extensions";
			runOnlyForDeploymentPostprocessing = 0;
		};
		32195D201D41666D007C808E /* Embed Watch Content */ = {
			isa = PBXCopyFilesBuildPhase;
			buildActionMask = 2147483647;
			dstPath = "$(CONTENTS_FOLDER_PATH)/Watch";
			dstSubfolderSpec = 16;
			files = (
				32195CF91D41666C007C808E /* Heart Up WatchKit App.app in Embed Watch Content */,
			);
			name = "Embed Watch Content";
			runOnlyForDeploymentPostprocessing = 0;
		};
		3255D8161D89BD1800A5051D /* Embed App Extensions */ = {
			isa = PBXCopyFilesBuildPhase;
			buildActionMask = 2147483647;
			dstPath = "";
			dstSubfolderSpec = 13;
			files = (
			);
			name = "Embed App Extensions";
			runOnlyForDeploymentPostprocessing = 0;
		};
/* End PBXCopyFilesBuildPhase section */

/* Begin PBXFileReference section */
		06CF358027C5B44EDAF46EA1 /* Pods-Heart Up.debug.xcconfig */ = {isa = PBXFileReference; includeInIndex = 1; lastKnownFileType = text.xcconfig; name = "Pods-Heart Up.debug.xcconfig"; path = "Pods/Target Support Files/Pods-Heart Up/Pods-Heart Up.debug.xcconfig"; sourceTree = "<group>"; };
		2B2EC772A177191535353BAE /* Pods-Heart Up WatchKit App.release.xcconfig */ = {isa = PBXFileReference; includeInIndex = 1; lastKnownFileType = text.xcconfig; name = "Pods-Heart Up WatchKit App.release.xcconfig"; path = "Pods/Target Support Files/Pods-Heart Up WatchKit App/Pods-Heart Up WatchKit App.release.xcconfig"; sourceTree = "<group>"; };
		3210CF4A1D55159B009C75F7 /* WorkoutTableRowController.swift */ = {isa = PBXFileReference; fileEncoding = 4; lastKnownFileType = sourcecode.swift; path = WorkoutTableRowController.swift; sourceTree = "<group>"; };
		3210CF4C1D552615009C75F7 /* IntesityTableRowController.swift */ = {isa = PBXFileReference; fileEncoding = 4; lastKnownFileType = sourcecode.swift; path = IntesityTableRowController.swift; sourceTree = "<group>"; };
		3210CF4E1D55265A009C75F7 /* IntesitySelectorController.swift */ = {isa = PBXFileReference; fileEncoding = 4; lastKnownFileType = sourcecode.swift; path = IntesitySelectorController.swift; sourceTree = "<group>"; };
		3213A5C61D597D54000D2455 /* CustomIntensityRowController.swift */ = {isa = PBXFileReference; fileEncoding = 4; lastKnownFileType = sourcecode.swift; path = CustomIntensityRowController.swift; sourceTree = "<group>"; };
		3213A5C81D599279000D2455 /* HeartRateChartController.swift */ = {isa = PBXFileReference; fileEncoding = 4; lastKnownFileType = sourcecode.swift; path = HeartRateChartController.swift; sourceTree = "<group>"; };
		32195CDB1D41666C007C808E /* Heart Up.app */ = {isa = PBXFileReference; explicitFileType = wrapper.application; includeInIndex = 0; path = "Heart Up.app"; sourceTree = BUILT_PRODUCTS_DIR; };
		32195CDE1D41666C007C808E /* AppDelegate.swift */ = {isa = PBXFileReference; lastKnownFileType = sourcecode.swift; path = AppDelegate.swift; sourceTree = "<group>"; };
		32195CE01D41666C007C808E /* WorkoutList.swift */ = {isa = PBXFileReference; lastKnownFileType = sourcecode.swift; path = WorkoutList.swift; sourceTree = "<group>"; };
		32195CE31D41666C007C808E /* Base */ = {isa = PBXFileReference; lastKnownFileType = file.storyboard; name = Base; path = Base.lproj/Main.storyboard; sourceTree = "<group>"; };
		32195CE51D41666C007C808E /* Assets.xcassets */ = {isa = PBXFileReference; lastKnownFileType = folder.assetcatalog; path = Assets.xcassets; sourceTree = "<group>"; };
		32195CE81D41666C007C808E /* Base */ = {isa = PBXFileReference; lastKnownFileType = file.storyboard; name = Base; path = Base.lproj/LaunchScreen.storyboard; sourceTree = "<group>"; };
		32195CEA1D41666C007C808E /* Info.plist */ = {isa = PBXFileReference; lastKnownFileType = text.plist.xml; path = Info.plist; sourceTree = "<group>"; };
		32195CEF1D41666C007C808E /* Heart UpTests.xctest */ = {isa = PBXFileReference; explicitFileType = wrapper.cfbundle; includeInIndex = 0; path = "Heart UpTests.xctest"; sourceTree = BUILT_PRODUCTS_DIR; };
		32195CF31D41666C007C808E /* Heart_UpTests.swift */ = {isa = PBXFileReference; lastKnownFileType = sourcecode.swift; path = Heart_UpTests.swift; sourceTree = "<group>"; };
		32195CF51D41666C007C808E /* Info.plist */ = {isa = PBXFileReference; lastKnownFileType = text.plist.xml; path = Info.plist; sourceTree = "<group>"; };
		32195CF81D41666C007C808E /* Heart Up WatchKit App.app */ = {isa = PBXFileReference; explicitFileType = wrapper.application; includeInIndex = 0; path = "Heart Up WatchKit App.app"; sourceTree = BUILT_PRODUCTS_DIR; };
		32195CFE1D41666C007C808E /* Base */ = {isa = PBXFileReference; lastKnownFileType = file.storyboard; name = Base; path = Base.lproj/Interface.storyboard; sourceTree = "<group>"; };
		32195D001D41666C007C808E /* Assets.xcassets */ = {isa = PBXFileReference; lastKnownFileType = folder.assetcatalog; path = Assets.xcassets; sourceTree = "<group>"; };
		32195D021D41666C007C808E /* Info.plist */ = {isa = PBXFileReference; lastKnownFileType = text.plist.xml; path = Info.plist; sourceTree = "<group>"; };
		32195D071D41666D007C808E /* Heart Up WatchKit Extension.appex */ = {isa = PBXFileReference; explicitFileType = "wrapper.app-extension"; includeInIndex = 0; path = "Heart Up WatchKit Extension.appex"; sourceTree = BUILT_PRODUCTS_DIR; };
		32195D0D1D41666D007C808E /* PushNotificationPayload.apns */ = {isa = PBXFileReference; lastKnownFileType = text; path = PushNotificationPayload.apns; sourceTree = "<group>"; };
		32195D0E1D41666D007C808E /* WorkoutController.swift */ = {isa = PBXFileReference; lastKnownFileType = sourcecode.swift; path = WorkoutController.swift; sourceTree = "<group>"; };
		32195D101D41666D007C808E /* ExtensionDelegate.swift */ = {isa = PBXFileReference; lastKnownFileType = sourcecode.swift; path = ExtensionDelegate.swift; sourceTree = "<group>"; };
		32195D121D41666D007C808E /* NotificationController.swift */ = {isa = PBXFileReference; lastKnownFileType = sourcecode.swift; path = NotificationController.swift; sourceTree = "<group>"; };
		32195D141D41666D007C808E /* Assets.xcassets */ = {isa = PBXFileReference; lastKnownFileType = folder.assetcatalog; path = Assets.xcassets; sourceTree = "<group>"; };
		32195D161D41666D007C808E /* Info.plist */ = {isa = PBXFileReference; lastKnownFileType = text.plist.xml; path = Info.plist; sourceTree = "<group>"; };
		32195D271D41673F007C808E /* Heart Up.entitlements */ = {isa = PBXFileReference; lastKnownFileType = text.xml; path = "Heart Up.entitlements"; sourceTree = "<group>"; };
		32195D291D41673F007C808E /* HealthKit.framework */ = {isa = PBXFileReference; lastKnownFileType = wrapper.framework; name = HealthKit.framework; path = System/Library/Frameworks/HealthKit.framework; sourceTree = SDKROOT; };
		322403601DEA5021008DDD1D /* IntensityLevel.swift */ = {isa = PBXFileReference; fileEncoding = 4; lastKnownFileType = sourcecode.swift; name = IntensityLevel.swift; path = "Heart Up WatchKit Extension/IntensityLevel.swift"; sourceTree = "<group>"; };
		322F20A21D84B02000ED1D3D /* Heart Up WatchKit App.entitlements */ = {isa = PBXFileReference; lastKnownFileType = text.plist.entitlements; path = "Heart Up WatchKit App.entitlements"; sourceTree = "<group>"; };
		3230E7B11D4AAA1300B3986A /* WorkoutSelectionController.swift */ = {isa = PBXFileReference; fileEncoding = 4; lastKnownFileType = sourcecode.swift; path = WorkoutSelectionController.swift; sourceTree = "<group>"; };
		3230E7B31D4AB31D00B3986A /* ReuseWorkoutTableRowController.swift */ = {isa = PBXFileReference; fileEncoding = 4; lastKnownFileType = sourcecode.swift; path = ReuseWorkoutTableRowController.swift; sourceTree = "<group>"; };
		3230E7B81D4AEF8C00B3986A /* StartController.swift */ = {isa = PBXFileReference; fileEncoding = 4; lastKnownFileType = sourcecode.swift; path = StartController.swift; sourceTree = "<group>"; };
		3230E7BC1D4AF70800B3986A /* HeartRateRangeSelectionController.swift */ = {isa = PBXFileReference; fileEncoding = 4; lastKnownFileType = sourcecode.swift; path = HeartRateRangeSelectionController.swift; sourceTree = "<group>"; };
		3255D8071D89BD1800A5051D /* NotificationCenter.framework */ = {isa = PBXFileReference; lastKnownFileType = wrapper.framework; name = NotificationCenter.framework; path = System/Library/Frameworks/NotificationCenter.framework; sourceTree = SDKROOT; };
		326E034C1DA04B290066807D /* WorkoutSender.swift */ = {isa = PBXFileReference; fileEncoding = 4; lastKnownFileType = sourcecode.swift; path = WorkoutSender.swift; sourceTree = "<group>"; };
		3270B5B11D4692DB0066E186 /* Heart Up WatchKit Extension.entitlements */ = {isa = PBXFileReference; lastKnownFileType = text.xml; path = "Heart Up WatchKit Extension.entitlements"; sourceTree = "<group>"; };
		3270B5B21D4692DB0066E186 /* HealthKit.framework */ = {isa = PBXFileReference; lastKnownFileType = wrapper.framework; name = HealthKit.framework; path = Platforms/WatchOS.platform/Developer/SDKs/WatchOS3.0.sdk/System/Library/Frameworks/HealthKit.framework; sourceTree = DEVELOPER_DIR; };
		3291C5341DAC41A7005BD160 /* WatchCommunicator.swift */ = {isa = PBXFileReference; fileEncoding = 4; lastKnownFileType = sourcecode.swift; path = WatchCommunicator.swift; sourceTree = "<group>"; };
		329D9DE21D48658200BF8C51 /* HealthDataStats.swift */ = {isa = PBXFileReference; fileEncoding = 4; lastKnownFileType = sourcecode.swift; path = HealthDataStats.swift; sourceTree = "<group>"; };
		329D9DE41D486B9400BF8C51 /* HealthDataInterface.swift */ = {isa = PBXFileReference; fileEncoding = 4; lastKnownFileType = sourcecode.swift; path = HealthDataInterface.swift; sourceTree = "<group>"; };
		32B493561D89C3670099BE5F /* PostWorkoutController.swift */ = {isa = PBXFileReference; fileEncoding = 4; lastKnownFileType = sourcecode.swift; path = PostWorkoutController.swift; sourceTree = "<group>"; usesTabs = 0; };
		32DC44491D89C85D00463A37 /* Workout.swift */ = {isa = PBXFileReference; fileEncoding = 4; lastKnownFileType = sourcecode.swift; name = Workout.swift; path = "Heart Up WatchKit Extension/Workout.swift"; sourceTree = "<group>"; };
		32DCCE311D63FAF50089AE98 /* Yoga.svg */ = {isa = PBXFileReference; fileEncoding = 4; lastKnownFileType = text.xml; path = Yoga.svg; sourceTree = "<group>"; };
		32DCCE501D640A860089AE98 /* CrossFit.png */ = {isa = PBXFileReference; lastKnownFileType = image.png; name = CrossFit.png; path = icon/CrossFit.png; sourceTree = SOURCE_ROOT; };
		32DCCE521D640A860089AE98 /* JumpRope.png */ = {isa = PBXFileReference; lastKnownFileType = image.png; name = JumpRope.png; path = icon/JumpRope.png; sourceTree = SOURCE_ROOT; };
		32DCCE531D640A860089AE98 /* Meditating.png */ = {isa = PBXFileReference; lastKnownFileType = image.png; name = Meditating.png; path = icon/Meditating.png; sourceTree = SOURCE_ROOT; };
		32DCCE541D640A860089AE98 /* Person.png */ = {isa = PBXFileReference; lastKnownFileType = image.png; name = Person.png; path = icon/Person.png; sourceTree = SOURCE_ROOT; };
		32DCCE551D640A860089AE98 /* Pilates.png */ = {isa = PBXFileReference; lastKnownFileType = image.png; name = Pilates.png; path = icon/Pilates.png; sourceTree = SOURCE_ROOT; };
		32DCCE571D640A860089AE98 /* Weightlifting.png */ = {isa = PBXFileReference; lastKnownFileType = image.png; name = Weightlifting.png; path = icon/Weightlifting.png; sourceTree = SOURCE_ROOT; };
		32DCCE581D640A860089AE98 /* Yoga.png */ = {isa = PBXFileReference; lastKnownFileType = image.png; name = Yoga.png; path = icon/Yoga.png; sourceTree = SOURCE_ROOT; };
		32DCCE741D640C630089AE98 /* IndoorCycling.png */ = {isa = PBXFileReference; lastKnownFileType = image.png; name = IndoorCycling.png; path = icon/IndoorCycling.png; sourceTree = SOURCE_ROOT; };
		32DCCE751D640C630089AE98 /* IndoorRunning.png */ = {isa = PBXFileReference; lastKnownFileType = image.png; name = IndoorRunning.png; path = icon/IndoorRunning.png; sourceTree = SOURCE_ROOT; };
		32DCCE761D640C630089AE98 /* OutdoorCycling.png */ = {isa = PBXFileReference; lastKnownFileType = image.png; name = OutdoorCycling.png; path = icon/OutdoorCycling.png; sourceTree = SOURCE_ROOT; };
		32DCCE771D640C630089AE98 /* OutdoorRunning.png */ = {isa = PBXFileReference; lastKnownFileType = image.png; name = OutdoorRunning.png; path = icon/OutdoorRunning.png; sourceTree = SOURCE_ROOT; };
		32DD1B991DAC9A6B001A2FAC /* WorkoutTableViewCell.swift */ = {isa = PBXFileReference; fileEncoding = 4; lastKnownFileType = sourcecode.swift; path = WorkoutTableViewCell.swift; sourceTree = "<group>"; };
		32DD1B9D1DAC9B07001A2FAC /* WorkoutTableViewCell.xib */ = {isa = PBXFileReference; fileEncoding = 4; lastKnownFileType = file.xib; path = WorkoutTableViewCell.xib; sourceTree = "<group>"; };
		32DD1B9F1DACA8AC001A2FAC /* WorkoutSummary.swift */ = {isa = PBXFileReference; fileEncoding = 4; lastKnownFileType = sourcecode.swift; path = WorkoutSummary.swift; sourceTree = "<group>"; };
		32DEE2041D5D8C1B004FDE41 /* Heart Up WatchKit Extension-Bridging-Header.h */ = {isa = PBXFileReference; fileEncoding = 4; lastKnownFileType = sourcecode.c.h; name = "Heart Up WatchKit Extension-Bridging-Header.h"; path = "Libraries/Heart Up WatchKit Extension-Bridging-Header.h"; sourceTree = "<group>"; };
		32DEE2051D5D8C1B004FDE41 /* Heart Up-Bridging-Header.h */ = {isa = PBXFileReference; fileEncoding = 4; lastKnownFileType = sourcecode.c.h; name = "Heart Up-Bridging-Header.h"; path = "Libraries/Heart Up-Bridging-Header.h"; sourceTree = "<group>"; };
		32DEE2151D5D8D5B004FDE41 /* YOChartImageKit.h */ = {isa = PBXFileReference; fileEncoding = 4; lastKnownFileType = sourcecode.c.h; name = YOChartImageKit.h; path = Libraries/YOChartImageKit/YOChartImageKit.h; sourceTree = "<group>"; };
		32DEE2161D5D8D5B004FDE41 /* YODonutChartImage.h */ = {isa = PBXFileReference; fileEncoding = 4; lastKnownFileType = sourcecode.c.h; name = YODonutChartImage.h; path = Libraries/YOChartImageKit/YODonutChartImage.h; sourceTree = "<group>"; };
		32DEE2171D5D8D5B004FDE41 /* YODonutChartImage.m */ = {isa = PBXFileReference; fileEncoding = 4; lastKnownFileType = sourcecode.c.objc; name = YODonutChartImage.m; path = Libraries/YOChartImageKit/YODonutChartImage.m; sourceTree = "<group>"; };
		32DEE2181D5D8D5B004FDE41 /* YOLineChartImage.h */ = {isa = PBXFileReference; fileEncoding = 4; lastKnownFileType = sourcecode.c.h; name = YOLineChartImage.h; path = Libraries/YOChartImageKit/YOLineChartImage.h; sourceTree = "<group>"; };
		32DEE2191D5D8D5B004FDE41 /* YOLineChartImage.m */ = {isa = PBXFileReference; fileEncoding = 4; lastKnownFileType = sourcecode.c.objc; name = YOLineChartImage.m; path = Libraries/YOChartImageKit/YOLineChartImage.m; sourceTree = "<group>"; };
		32E2E4021D52B11800FEB3BA /* ApplicationData.swift */ = {isa = PBXFileReference; fileEncoding = 4; lastKnownFileType = sourcecode.swift; name = ApplicationData.swift; path = "Heart Up WatchKit Extension/ApplicationData.swift"; sourceTree = "<group>"; };
		5668CBE1EB7431C4E1B915D7 /* Pods_Heart_UpTests.framework */ = {isa = PBXFileReference; explicitFileType = wrapper.framework; includeInIndex = 0; path = Pods_Heart_UpTests.framework; sourceTree = BUILT_PRODUCTS_DIR; };
		678F295782ECF863F530BC4B /* Pods-Heart Up.release.xcconfig */ = {isa = PBXFileReference; includeInIndex = 1; lastKnownFileType = text.xcconfig; name = "Pods-Heart Up.release.xcconfig"; path = "Pods/Target Support Files/Pods-Heart Up/Pods-Heart Up.release.xcconfig"; sourceTree = "<group>"; };
		7E1B9F03D3C4BE99DEF3623D /* Pods-Heart UpTests.release.xcconfig */ = {isa = PBXFileReference; includeInIndex = 1; lastKnownFileType = text.xcconfig; name = "Pods-Heart UpTests.release.xcconfig"; path = "Pods/Target Support Files/Pods-Heart UpTests/Pods-Heart UpTests.release.xcconfig"; sourceTree = "<group>"; };
		813AEEFE58B2D01270387584 /* Pods-Heart UpTests.debug.xcconfig */ = {isa = PBXFileReference; includeInIndex = 1; lastKnownFileType = text.xcconfig; name = "Pods-Heart UpTests.debug.xcconfig"; path = "Pods/Target Support Files/Pods-Heart UpTests/Pods-Heart UpTests.debug.xcconfig"; sourceTree = "<group>"; };
		9A2CC7DB5D4C905095203F54 /* Pods-Heart Up WatchKit Extension.release.xcconfig */ = {isa = PBXFileReference; includeInIndex = 1; lastKnownFileType = text.xcconfig; name = "Pods-Heart Up WatchKit Extension.release.xcconfig"; path = "Pods/Target Support Files/Pods-Heart Up WatchKit Extension/Pods-Heart Up WatchKit Extension.release.xcconfig"; sourceTree = "<group>"; };
		C2518EC2F42A00A55AD29647 /* Pods-Heart Up WatchKit Extension.debug.xcconfig */ = {isa = PBXFileReference; includeInIndex = 1; lastKnownFileType = text.xcconfig; name = "Pods-Heart Up WatchKit Extension.debug.xcconfig"; path = "Pods/Target Support Files/Pods-Heart Up WatchKit Extension/Pods-Heart Up WatchKit Extension.debug.xcconfig"; sourceTree = "<group>"; };
		CA9D1DA741EC899F94FFC2F5 /* Pods_Heart_Up_WatchKit_Extension.framework */ = {isa = PBXFileReference; explicitFileType = wrapper.framework; includeInIndex = 0; path = Pods_Heart_Up_WatchKit_Extension.framework; sourceTree = BUILT_PRODUCTS_DIR; };
		CE51070259E44AC899098FB8 /* Pods_Heart_Up_WatchKit_App.framework */ = {isa = PBXFileReference; explicitFileType = wrapper.framework; includeInIndex = 0; path = Pods_Heart_Up_WatchKit_App.framework; sourceTree = BUILT_PRODUCTS_DIR; };
		D578C27584E9E5D5E8178763 /* Pods-Heart Up WatchKit App.debug.xcconfig */ = {isa = PBXFileReference; includeInIndex = 1; lastKnownFileType = text.xcconfig; name = "Pods-Heart Up WatchKit App.debug.xcconfig"; path = "Pods/Target Support Files/Pods-Heart Up WatchKit App/Pods-Heart Up WatchKit App.debug.xcconfig"; sourceTree = "<group>"; };
		FF2356DFD7ECA554437D5C17 /* Pods_Heart_Up.framework */ = {isa = PBXFileReference; explicitFileType = wrapper.framework; includeInIndex = 0; path = Pods_Heart_Up.framework; sourceTree = BUILT_PRODUCTS_DIR; };
/* End PBXFileReference section */

/* Begin PBXFrameworksBuildPhase section */
		320A24FE1D5C1F7600767A41 /* Frameworks */ = {
			isa = PBXFrameworksBuildPhase;
			buildActionMask = 2147483647;
			files = (
				50918F8A116264D3BA5ED757 /* Pods_Heart_Up_WatchKit_App.framework in Frameworks */,
			);
			runOnlyForDeploymentPostprocessing = 0;
		};
		32195CD81D41666C007C808E /* Frameworks */ = {
			isa = PBXFrameworksBuildPhase;
			buildActionMask = 2147483647;
			files = (
				32195D2A1D41673F007C808E /* HealthKit.framework in Frameworks */,
				4A1F9C5A74BB064405708064 /* Pods_Heart_Up.framework in Frameworks */,
			);
			runOnlyForDeploymentPostprocessing = 0;
		};
		32195CEC1D41666C007C808E /* Frameworks */ = {
			isa = PBXFrameworksBuildPhase;
			buildActionMask = 2147483647;
			files = (
				01DFA0D79920161A8D06106A /* Pods_Heart_UpTests.framework in Frameworks */,
			);
			runOnlyForDeploymentPostprocessing = 0;
		};
		32195D041D41666D007C808E /* Frameworks */ = {
			isa = PBXFrameworksBuildPhase;
			buildActionMask = 2147483647;
			files = (
				3270B5B31D4692DB0066E186 /* HealthKit.framework in Frameworks */,
				E1D26D000A9913BE615A23EC /* Pods_Heart_Up_WatchKit_Extension.framework in Frameworks */,
			);
			runOnlyForDeploymentPostprocessing = 0;
		};
/* End PBXFrameworksBuildPhase section */

/* Begin PBXGroup section */
		3210CF501D552713009C75F7 /* Table Row Controllers */ = {
			isa = PBXGroup;
			children = (
				3210CF4C1D552615009C75F7 /* IntesityTableRowController.swift */,
				3210CF4A1D55159B009C75F7 /* WorkoutTableRowController.swift */,
				3230E7B31D4AB31D00B3986A /* ReuseWorkoutTableRowController.swift */,
				3213A5C61D597D54000D2455 /* CustomIntensityRowController.swift */,
			);
			name = "Table Row Controllers";
			sourceTree = "<group>";
		};
		321329181D4853CA008B0951 /* Shared */ = {
			isa = PBXGroup;
			children = (
				32DC44491D89C85D00463A37 /* Workout.swift */,
				322403601DEA5021008DDD1D /* IntensityLevel.swift */,
				32E2E4021D52B11800FEB3BA /* ApplicationData.swift */,
				32DEE2151D5D8D5B004FDE41 /* YOChartImageKit.h */,
				32DEE2161D5D8D5B004FDE41 /* YODonutChartImage.h */,
				32DEE2171D5D8D5B004FDE41 /* YODonutChartImage.m */,
				32DEE2181D5D8D5B004FDE41 /* YOLineChartImage.h */,
				32DEE2191D5D8D5B004FDE41 /* YOLineChartImage.m */,
				32DEE2041D5D8C1B004FDE41 /* Heart Up WatchKit Extension-Bridging-Header.h */,
				32DEE2051D5D8C1B004FDE41 /* Heart Up-Bridging-Header.h */,
			);
			name = Shared;
			sourceTree = "<group>";
		};
		32195CD21D41666C007C808E = {
			isa = PBXGroup;
			children = (
				32195CDD1D41666C007C808E /* Heart Up */,
				32195CF21D41666C007C808E /* Heart UpTests */,
				32195CFC1D41666C007C808E /* Heart Up WatchKit App */,
				32195D0B1D41666D007C808E /* Heart Up WatchKit Extension */,
				32195CDC1D41666C007C808E /* Products */,
				32195D281D41673F007C808E /* Frameworks */,
				321329181D4853CA008B0951 /* Shared */,
				C2744E47299F33DEBDF63FC4 /* Pods */,
			);
			sourceTree = "<group>";
		};
		32195CDC1D41666C007C808E /* Products */ = {
			isa = PBXGroup;
			children = (
				32195CDB1D41666C007C808E /* Heart Up.app */,
				32195CEF1D41666C007C808E /* Heart UpTests.xctest */,
				32195CF81D41666C007C808E /* Heart Up WatchKit App.app */,
				32195D071D41666D007C808E /* Heart Up WatchKit Extension.appex */,
			);
			name = Products;
			sourceTree = "<group>";
		};
		32195CDD1D41666C007C808E /* Heart Up */ = {
			isa = PBXGroup;
			children = (
				32195D271D41673F007C808E /* Heart Up.entitlements */,
				32195CDE1D41666C007C808E /* AppDelegate.swift */,
				32195CE01D41666C007C808E /* WorkoutList.swift */,
				32195CE21D41666C007C808E /* Main.storyboard */,
				32195CE51D41666C007C808E /* Assets.xcassets */,
				32195CE71D41666C007C808E /* LaunchScreen.storyboard */,
				32195CEA1D41666C007C808E /* Info.plist */,
				32DD1B991DAC9A6B001A2FAC /* WorkoutTableViewCell.swift */,
				32DD1B9D1DAC9B07001A2FAC /* WorkoutTableViewCell.xib */,
				32DD1B9F1DACA8AC001A2FAC /* WorkoutSummary.swift */,
			);
			path = "Heart Up";
			sourceTree = "<group>";
		};
		32195CF21D41666C007C808E /* Heart UpTests */ = {
			isa = PBXGroup;
			children = (
				32195CF31D41666C007C808E /* Heart_UpTests.swift */,
				32195CF51D41666C007C808E /* Info.plist */,
			);
			path = "Heart UpTests";
			sourceTree = "<group>";
		};
		32195CFC1D41666C007C808E /* Heart Up WatchKit App */ = {
			isa = PBXGroup;
			children = (
				322F20A21D84B02000ED1D3D /* Heart Up WatchKit App.entitlements */,
				3230E7B51D4ABB0900B3986A /* images */,
				32195CFD1D41666C007C808E /* Interface.storyboard */,
				32195D001D41666C007C808E /* Assets.xcassets */,
				32195D021D41666C007C808E /* Info.plist */,
			);
			path = "Heart Up WatchKit App";
			sourceTree = "<group>";
		};
		32195D0B1D41666D007C808E /* Heart Up WatchKit Extension */ = {
			isa = PBXGroup;
			children = (
				3270B5B11D4692DB0066E186 /* Heart Up WatchKit Extension.entitlements */,
				32195D101D41666D007C808E /* ExtensionDelegate.swift */,
				32195D121D41666D007C808E /* NotificationController.swift */,
				32B4E2951D5029160074774C /* Controllers */,
				329D9DE21D48658200BF8C51 /* HealthDataStats.swift */,
				329D9DE41D486B9400BF8C51 /* HealthDataInterface.swift */,
				32195D141D41666D007C808E /* Assets.xcassets */,
				32195D161D41666D007C808E /* Info.plist */,
				32195D0C1D41666D007C808E /* Supporting Files */,
				326E034C1DA04B290066807D /* WorkoutSender.swift */,
				3291C5341DAC41A7005BD160 /* WatchCommunicator.swift */,
			);
			path = "Heart Up WatchKit Extension";
			sourceTree = "<group>";
		};
		32195D0C1D41666D007C808E /* Supporting Files */ = {
			isa = PBXGroup;
			children = (
				32195D0D1D41666D007C808E /* PushNotificationPayload.apns */,
			);
			name = "Supporting Files";
			sourceTree = "<group>";
		};
		32195D281D41673F007C808E /* Frameworks */ = {
			isa = PBXGroup;
			children = (
				3270B5B21D4692DB0066E186 /* HealthKit.framework */,
				32195D291D41673F007C808E /* HealthKit.framework */,
				FF2356DFD7ECA554437D5C17 /* Pods_Heart_Up.framework */,
				CE51070259E44AC899098FB8 /* Pods_Heart_Up_WatchKit_App.framework */,
				CA9D1DA741EC899F94FFC2F5 /* Pods_Heart_Up_WatchKit_Extension.framework */,
				5668CBE1EB7431C4E1B915D7 /* Pods_Heart_UpTests.framework */,
				3255D8071D89BD1800A5051D /* NotificationCenter.framework */,
			);
			name = Frameworks;
			sourceTree = "<group>";
		};
		3230E7B51D4ABB0900B3986A /* images */ = {
			isa = PBXGroup;
			children = (
				32DCCE741D640C630089AE98 /* IndoorCycling.png */,
				32DCCE751D640C630089AE98 /* IndoorRunning.png */,
				32DCCE761D640C630089AE98 /* OutdoorCycling.png */,
				32DCCE771D640C630089AE98 /* OutdoorRunning.png */,
				32DCCE501D640A860089AE98 /* CrossFit.png */,
				32DCCE521D640A860089AE98 /* JumpRope.png */,
				32DCCE531D640A860089AE98 /* Meditating.png */,
				32DCCE541D640A860089AE98 /* Person.png */,
				32DCCE551D640A860089AE98 /* Pilates.png */,
				32DCCE571D640A860089AE98 /* Weightlifting.png */,
				32DCCE581D640A860089AE98 /* Yoga.png */,
				32DCCE311D63FAF50089AE98 /* Yoga.svg */,
			);
			name = images;
			sourceTree = "<group>";
		};
		32B4E2951D5029160074774C /* Controllers */ = {
			isa = PBXGroup;
			children = (
				3210CF501D552713009C75F7 /* Table Row Controllers */,
				3230E7B81D4AEF8C00B3986A /* StartController.swift */,
				3230E7B11D4AAA1300B3986A /* WorkoutSelectionController.swift */,
				3210CF4E1D55265A009C75F7 /* IntesitySelectorController.swift */,
				3230E7BC1D4AF70800B3986A /* HeartRateRangeSelectionController.swift */,
				32195D0E1D41666D007C808E /* WorkoutController.swift */,
				3213A5C81D599279000D2455 /* HeartRateChartController.swift */,
				32B493561D89C3670099BE5F /* PostWorkoutController.swift */,
			);
			name = Controllers;
			sourceTree = "<group>";
		};
		C2744E47299F33DEBDF63FC4 /* Pods */ = {
			isa = PBXGroup;
			children = (
				06CF358027C5B44EDAF46EA1 /* Pods-Heart Up.debug.xcconfig */,
				678F295782ECF863F530BC4B /* Pods-Heart Up.release.xcconfig */,
				D578C27584E9E5D5E8178763 /* Pods-Heart Up WatchKit App.debug.xcconfig */,
				2B2EC772A177191535353BAE /* Pods-Heart Up WatchKit App.release.xcconfig */,
				C2518EC2F42A00A55AD29647 /* Pods-Heart Up WatchKit Extension.debug.xcconfig */,
				9A2CC7DB5D4C905095203F54 /* Pods-Heart Up WatchKit Extension.release.xcconfig */,
				813AEEFE58B2D01270387584 /* Pods-Heart UpTests.debug.xcconfig */,
				7E1B9F03D3C4BE99DEF3623D /* Pods-Heart UpTests.release.xcconfig */,
			);
			name = Pods;
			sourceTree = "<group>";
		};
/* End PBXGroup section */

/* Begin PBXNativeTarget section */
		32195CDA1D41666C007C808E /* Heart Up */ = {
			isa = PBXNativeTarget;
			buildConfigurationList = 32195D211D41666D007C808E /* Build configuration list for PBXNativeTarget "Heart Up" */;
			buildPhases = (
				8AC0E4264FD9E04FB03803F0 /* [CP] Check Pods Manifest.lock */,
				32195CD71D41666C007C808E /* Sources */,
				32195CD81D41666C007C808E /* Frameworks */,
				32195CD91D41666C007C808E /* Resources */,
				32195D201D41666D007C808E /* Embed Watch Content */,
				3EDAF4615FAFCFCA3D36A54B /* [CP] Embed Pods Frameworks */,
				8D47D135117444BE8E9B2425 /* [CP] Copy Pods Resources */,
				3255D8161D89BD1800A5051D /* Embed App Extensions */,
			);
			buildRules = (
			);
			dependencies = (
				32195CFB1D41666C007C808E /* PBXTargetDependency */,
			);
			name = "Heart Up";
			productName = "Heart Up";
			productReference = 32195CDB1D41666C007C808E /* Heart Up.app */;
			productType = "com.apple.product-type.application";
		};
		32195CEE1D41666C007C808E /* Heart UpTests */ = {
			isa = PBXNativeTarget;
			buildConfigurationList = 32195D241D41666D007C808E /* Build configuration list for PBXNativeTarget "Heart UpTests" */;
			buildPhases = (
				59D3CE7DCD6CF5618E229D67 /* [CP] Check Pods Manifest.lock */,
				32195CEB1D41666C007C808E /* Sources */,
				32195CEC1D41666C007C808E /* Frameworks */,
				32195CED1D41666C007C808E /* Resources */,
				D54090EB789A5D37A30B2B5F /* [CP] Embed Pods Frameworks */,
				DFCF160787BFBD676DFC242E /* [CP] Copy Pods Resources */,
			);
			buildRules = (
			);
			dependencies = (
				32195CF11D41666C007C808E /* PBXTargetDependency */,
			);
			name = "Heart UpTests";
			productName = "Heart UpTests";
			productReference = 32195CEF1D41666C007C808E /* Heart UpTests.xctest */;
			productType = "com.apple.product-type.bundle.unit-test";
		};
		32195CF71D41666C007C808E /* Heart Up WatchKit App */ = {
			isa = PBXNativeTarget;
			buildConfigurationList = 32195D1D1D41666D007C808E /* Build configuration list for PBXNativeTarget "Heart Up WatchKit App" */;
			buildPhases = (
				89173832046A3FD566D03DBD /* [CP] Check Pods Manifest.lock */,
				32195CF61D41666C007C808E /* Resources */,
				32195D1C1D41666D007C808E /* Embed App Extensions */,
				320A24FE1D5C1F7600767A41 /* Frameworks */,
				320A24FF1D5C1F7600767A41 /* Embed Frameworks */,
				9C5425A71CB7880268289098 /* [CP] Copy Pods Resources */,
			);
			buildRules = (
			);
			dependencies = (
				32195D0A1D41666D007C808E /* PBXTargetDependency */,
			);
			name = "Heart Up WatchKit App";
			productName = "Heart Up WatchKit App";
			productReference = 32195CF81D41666C007C808E /* Heart Up WatchKit App.app */;
			productType = "com.apple.product-type.application.watchapp2";
		};
		32195D061D41666D007C808E /* Heart Up WatchKit Extension */ = {
			isa = PBXNativeTarget;
			buildConfigurationList = 32195D191D41666D007C808E /* Build configuration list for PBXNativeTarget "Heart Up WatchKit Extension" */;
			buildPhases = (
				49570E57E6BCDC19E1F2A8DE /* [CP] Check Pods Manifest.lock */,
				32195D031D41666D007C808E /* Sources */,
				32195D041D41666D007C808E /* Frameworks */,
				32195D051D41666D007C808E /* Resources */,
				59F119EA354ED912A542E08D /* [CP] Embed Pods Frameworks */,
				8024FACEDB02C3F59B2089DD /* [CP] Copy Pods Resources */,
			);
			buildRules = (
			);
			dependencies = (
			);
			name = "Heart Up WatchKit Extension";
			productName = "Heart Up WatchKit Extension";
			productReference = 32195D071D41666D007C808E /* Heart Up WatchKit Extension.appex */;
			productType = "com.apple.product-type.watchkit2-extension";
		};
/* End PBXNativeTarget section */

/* Begin PBXProject section */
		32195CD31D41666C007C808E /* Project object */ = {
			isa = PBXProject;
			attributes = {
				LastSwiftUpdateCheck = 0800;
				LastUpgradeCheck = 0810;
				ORGANIZATIONNAME = "Cameron Deardorff";
				TargetAttributes = {
					32195CDA1D41666C007C808E = {
						CreatedOnToolsVersion = 8.0;
						DevelopmentTeam = CU74U85Q8E;
						DevelopmentTeamName = "Cameron Deardorff";
						LastSwiftMigration = 0800;
						ProvisioningStyle = Automatic;
						SystemCapabilities = {
							com.apple.ApplicationGroups.iOS = {
								enabled = 1;
							};
							com.apple.HealthKit = {
								enabled = 1;
							};
						};
					};
					32195CEE1D41666C007C808E = {
						CreatedOnToolsVersion = 8.0;
						DevelopmentTeam = CU74U85Q8E;
						DevelopmentTeamName = "Cameron Deardorff";
						LastSwiftMigration = 0810;
						ProvisioningStyle = Automatic;
						TestTargetID = 32195CDA1D41666C007C808E;
					};
					32195CF71D41666C007C808E = {
						CreatedOnToolsVersion = 8.0;
						DevelopmentTeam = CU74U85Q8E;
						DevelopmentTeamName = "Cameron Deardorff";
						LastSwiftMigration = 0800;
						ProvisioningStyle = Automatic;
						SystemCapabilities = {
							com.apple.ApplicationGroups.iOS = {
								enabled = 1;
							};
						};
					};
					32195D061D41666D007C808E = {
						CreatedOnToolsVersion = 8.0;
						DevelopmentTeam = CU74U85Q8E;
						DevelopmentTeamName = "Cameron Deardorff";
						LastSwiftMigration = 0800;
						ProvisioningStyle = Automatic;
						SystemCapabilities = {
							com.apple.ApplicationGroups.iOS = {
								enabled = 1;
							};
							com.apple.HealthKit.watchos = {
								enabled = 1;
							};
						};
					};
				};
			};
			buildConfigurationList = 32195CD61D41666C007C808E /* Build configuration list for PBXProject "Heart Up" */;
			compatibilityVersion = "Xcode 3.2";
			developmentRegion = English;
			hasScannedForEncodings = 0;
			knownRegions = (
				en,
				Base,
			);
			mainGroup = 32195CD21D41666C007C808E;
			productRefGroup = 32195CDC1D41666C007C808E /* Products */;
			projectDirPath = "";
			projectRoot = "";
			targets = (
				32195CDA1D41666C007C808E /* Heart Up */,
				32195CEE1D41666C007C808E /* Heart UpTests */,
				32195CF71D41666C007C808E /* Heart Up WatchKit App */,
				32195D061D41666D007C808E /* Heart Up WatchKit Extension */,
			);
		};
/* End PBXProject section */

/* Begin PBXResourcesBuildPhase section */
		32195CD91D41666C007C808E /* Resources */ = {
			isa = PBXResourcesBuildPhase;
			buildActionMask = 2147483647;
			files = (
				32195CE91D41666C007C808E /* LaunchScreen.storyboard in Resources */,
				32DCCE4D1D63FAF50089AE98 /* Yoga.svg in Resources */,
				32DCCE711D640A860089AE98 /* Yoga.png in Resources */,
				32DCCE5F1D640A860089AE98 /* JumpRope.png in Resources */,
				32195CE61D41666C007C808E /* Assets.xcassets in Resources */,
				32DCCE6E1D640A860089AE98 /* Weightlifting.png in Resources */,
				32DCCE651D640A860089AE98 /* Person.png in Resources */,
				32DCCE781D640C630089AE98 /* IndoorCycling.png in Resources */,
				32195CE41D41666C007C808E /* Main.storyboard in Resources */,
				32DCCE7E1D640C630089AE98 /* OutdoorCycling.png in Resources */,
				32DD1B9E1DAC9B07001A2FAC /* WorkoutTableViewCell.xib in Resources */,
				32DCCE811D640C630089AE98 /* OutdoorRunning.png in Resources */,
				32DCCE681D640A860089AE98 /* Pilates.png in Resources */,
				32DCCE591D640A860089AE98 /* CrossFit.png in Resources */,
				32DCCE621D640A860089AE98 /* Meditating.png in Resources */,
				32DCCE7B1D640C630089AE98 /* IndoorRunning.png in Resources */,
			);
			runOnlyForDeploymentPostprocessing = 0;
		};
		32195CED1D41666C007C808E /* Resources */ = {
			isa = PBXResourcesBuildPhase;
			buildActionMask = 2147483647;
			files = (
			);
			runOnlyForDeploymentPostprocessing = 0;
		};
		32195CF61D41666C007C808E /* Resources */ = {
			isa = PBXResourcesBuildPhase;
			buildActionMask = 2147483647;
			files = (
				32DCCE5A1D640A860089AE98 /* CrossFit.png in Resources */,
				32DCCE7F1D640C630089AE98 /* OutdoorCycling.png in Resources */,
				32DCCE821D640C630089AE98 /* OutdoorRunning.png in Resources */,
				32DCCE691D640A860089AE98 /* Pilates.png in Resources */,
				32DCCE791D640C630089AE98 /* IndoorCycling.png in Resources */,
				32DCCE4E1D63FAF50089AE98 /* Yoga.svg in Resources */,
				32DCCE721D640A860089AE98 /* Yoga.png in Resources */,
				32DCCE6F1D640A860089AE98 /* Weightlifting.png in Resources */,
				32195D011D41666C007C808E /* Assets.xcassets in Resources */,
				32DCCE661D640A860089AE98 /* Person.png in Resources */,
				32195CFF1D41666C007C808E /* Interface.storyboard in Resources */,
				32DCCE601D640A860089AE98 /* JumpRope.png in Resources */,
				32DCCE7C1D640C630089AE98 /* IndoorRunning.png in Resources */,
				32DCCE631D640A860089AE98 /* Meditating.png in Resources */,
			);
			runOnlyForDeploymentPostprocessing = 0;
		};
		32195D051D41666D007C808E /* Resources */ = {
			isa = PBXResourcesBuildPhase;
			buildActionMask = 2147483647;
			files = (
				32DCCE801D640C630089AE98 /* OutdoorCycling.png in Resources */,
				32DCCE6A1D640A860089AE98 /* Pilates.png in Resources */,
				32DCCE7D1D640C630089AE98 /* IndoorRunning.png in Resources */,
				32DCCE611D640A860089AE98 /* JumpRope.png in Resources */,
				32DCCE4F1D63FAF50089AE98 /* Yoga.svg in Resources */,
				32DCCE701D640A860089AE98 /* Weightlifting.png in Resources */,
				32DCCE5B1D640A860089AE98 /* CrossFit.png in Resources */,
				32DCCE831D640C630089AE98 /* OutdoorRunning.png in Resources */,
				32DCCE671D640A860089AE98 /* Person.png in Resources */,
				32195D151D41666D007C808E /* Assets.xcassets in Resources */,
				32DCCE7A1D640C630089AE98 /* IndoorCycling.png in Resources */,
				32DCCE641D640A860089AE98 /* Meditating.png in Resources */,
				32DCCE731D640A860089AE98 /* Yoga.png in Resources */,
			);
			runOnlyForDeploymentPostprocessing = 0;
		};
/* End PBXResourcesBuildPhase section */

/* Begin PBXShellScriptBuildPhase section */
		3EDAF4615FAFCFCA3D36A54B /* [CP] Embed Pods Frameworks */ = {
			isa = PBXShellScriptBuildPhase;
			buildActionMask = 2147483647;
			files = (
			);
			inputPaths = (
			);
			name = "[CP] Embed Pods Frameworks";
			outputPaths = (
			);
			runOnlyForDeploymentPostprocessing = 0;
			shellPath = /bin/sh;
			shellScript = "\"${SRCROOT}/Pods/Target Support Files/Pods-Heart Up/Pods-Heart Up-frameworks.sh\"\n";
			showEnvVarsInLog = 0;
		};
		49570E57E6BCDC19E1F2A8DE /* [CP] Check Pods Manifest.lock */ = {
			isa = PBXShellScriptBuildPhase;
			buildActionMask = 2147483647;
			files = (
			);
			inputPaths = (
			);
			name = "[CP] Check Pods Manifest.lock";
			outputPaths = (
			);
			runOnlyForDeploymentPostprocessing = 0;
			shellPath = /bin/sh;
			shellScript = "diff \"${PODS_ROOT}/../Podfile.lock\" \"${PODS_ROOT}/Manifest.lock\" > /dev/null\nif [[ $? != 0 ]] ; then\n    cat << EOM\nerror: The sandbox is not in sync with the Podfile.lock. Run 'pod install' or update your CocoaPods installation.\nEOM\n    exit 1\nfi\n";
			showEnvVarsInLog = 0;
		};
		59D3CE7DCD6CF5618E229D67 /* [CP] Check Pods Manifest.lock */ = {
			isa = PBXShellScriptBuildPhase;
			buildActionMask = 2147483647;
			files = (
			);
			inputPaths = (
			);
			name = "[CP] Check Pods Manifest.lock";
			outputPaths = (
			);
			runOnlyForDeploymentPostprocessing = 0;
			shellPath = /bin/sh;
			shellScript = "diff \"${PODS_ROOT}/../Podfile.lock\" \"${PODS_ROOT}/Manifest.lock\" > /dev/null\nif [[ $? != 0 ]] ; then\n    cat << EOM\nerror: The sandbox is not in sync with the Podfile.lock. Run 'pod install' or update your CocoaPods installation.\nEOM\n    exit 1\nfi\n";
			showEnvVarsInLog = 0;
		};
		59F119EA354ED912A542E08D /* [CP] Embed Pods Frameworks */ = {
			isa = PBXShellScriptBuildPhase;
			buildActionMask = 2147483647;
			files = (
			);
			inputPaths = (
			);
			name = "[CP] Embed Pods Frameworks";
			outputPaths = (
			);
			runOnlyForDeploymentPostprocessing = 0;
			shellPath = /bin/sh;
			shellScript = "\"${SRCROOT}/Pods/Target Support Files/Pods-Heart Up WatchKit Extension/Pods-Heart Up WatchKit Extension-frameworks.sh\"\n";
			showEnvVarsInLog = 0;
		};
		8024FACEDB02C3F59B2089DD /* [CP] Copy Pods Resources */ = {
			isa = PBXShellScriptBuildPhase;
			buildActionMask = 2147483647;
			files = (
			);
			inputPaths = (
			);
			name = "[CP] Copy Pods Resources";
			outputPaths = (
			);
			runOnlyForDeploymentPostprocessing = 0;
			shellPath = /bin/sh;
			shellScript = "\"${SRCROOT}/Pods/Target Support Files/Pods-Heart Up WatchKit Extension/Pods-Heart Up WatchKit Extension-resources.sh\"\n";
			showEnvVarsInLog = 0;
		};
		89173832046A3FD566D03DBD /* [CP] Check Pods Manifest.lock */ = {
			isa = PBXShellScriptBuildPhase;
			buildActionMask = 2147483647;
			files = (
			);
			inputPaths = (
			);
			name = "[CP] Check Pods Manifest.lock";
			outputPaths = (
			);
			runOnlyForDeploymentPostprocessing = 0;
			shellPath = /bin/sh;
			shellScript = "diff \"${PODS_ROOT}/../Podfile.lock\" \"${PODS_ROOT}/Manifest.lock\" > /dev/null\nif [[ $? != 0 ]] ; then\n    cat << EOM\nerror: The sandbox is not in sync with the Podfile.lock. Run 'pod install' or update your CocoaPods installation.\nEOM\n    exit 1\nfi\n";
			showEnvVarsInLog = 0;
		};
		8AC0E4264FD9E04FB03803F0 /* [CP] Check Pods Manifest.lock */ = {
			isa = PBXShellScriptBuildPhase;
			buildActionMask = 2147483647;
			files = (
			);
			inputPaths = (
			);
			name = "[CP] Check Pods Manifest.lock";
			outputPaths = (
			);
			runOnlyForDeploymentPostprocessing = 0;
			shellPath = /bin/sh;
			shellScript = "diff \"${PODS_ROOT}/../Podfile.lock\" \"${PODS_ROOT}/Manifest.lock\" > /dev/null\nif [[ $? != 0 ]] ; then\n    cat << EOM\nerror: The sandbox is not in sync with the Podfile.lock. Run 'pod install' or update your CocoaPods installation.\nEOM\n    exit 1\nfi\n";
			showEnvVarsInLog = 0;
		};
		8D47D135117444BE8E9B2425 /* [CP] Copy Pods Resources */ = {
			isa = PBXShellScriptBuildPhase;
			buildActionMask = 2147483647;
			files = (
			);
			inputPaths = (
			);
			name = "[CP] Copy Pods Resources";
			outputPaths = (
			);
			runOnlyForDeploymentPostprocessing = 0;
			shellPath = /bin/sh;
			shellScript = "\"${SRCROOT}/Pods/Target Support Files/Pods-Heart Up/Pods-Heart Up-resources.sh\"\n";
			showEnvVarsInLog = 0;
		};
		9C5425A71CB7880268289098 /* [CP] Copy Pods Resources */ = {
			isa = PBXShellScriptBuildPhase;
			buildActionMask = 2147483647;
			files = (
			);
			inputPaths = (
			);
			name = "[CP] Copy Pods Resources";
			outputPaths = (
			);
			runOnlyForDeploymentPostprocessing = 0;
			shellPath = /bin/sh;
			shellScript = "\"${SRCROOT}/Pods/Target Support Files/Pods-Heart Up WatchKit App/Pods-Heart Up WatchKit App-resources.sh\"\n";
			showEnvVarsInLog = 0;
		};
		D54090EB789A5D37A30B2B5F /* [CP] Embed Pods Frameworks */ = {
			isa = PBXShellScriptBuildPhase;
			buildActionMask = 2147483647;
			files = (
			);
			inputPaths = (
			);
			name = "[CP] Embed Pods Frameworks";
			outputPaths = (
			);
			runOnlyForDeploymentPostprocessing = 0;
			shellPath = /bin/sh;
			shellScript = "\"${SRCROOT}/Pods/Target Support Files/Pods-Heart UpTests/Pods-Heart UpTests-frameworks.sh\"\n";
			showEnvVarsInLog = 0;
		};
		DFCF160787BFBD676DFC242E /* [CP] Copy Pods Resources */ = {
			isa = PBXShellScriptBuildPhase;
			buildActionMask = 2147483647;
			files = (
			);
			inputPaths = (
			);
			name = "[CP] Copy Pods Resources";
			outputPaths = (
			);
			runOnlyForDeploymentPostprocessing = 0;
			shellPath = /bin/sh;
			shellScript = "\"${SRCROOT}/Pods/Target Support Files/Pods-Heart UpTests/Pods-Heart UpTests-resources.sh\"\n";
			showEnvVarsInLog = 0;
		};
/* End PBXShellScriptBuildPhase section */

/* Begin PBXSourcesBuildPhase section */
		32195CD71D41666C007C808E /* Sources */ = {
			isa = PBXSourcesBuildPhase;
			buildActionMask = 2147483647;
			files = (
				32195CE11D41666C007C808E /* WorkoutList.swift in Sources */,
				322403611DEA5021008DDD1D /* IntensityLevel.swift in Sources */,
				32DD1BA01DACA8AC001A2FAC /* WorkoutSummary.swift in Sources */,
				32DEE21C1D5D8D5B004FDE41 /* YODonutChartImage.m in Sources */,
				32195CDF1D41666C007C808E /* AppDelegate.swift in Sources */,
				32DC444A1D89C85D00463A37 /* Workout.swift in Sources */,
				32DEE21E1D5D8D5B004FDE41 /* YOLineChartImage.m in Sources */,
				32DD1B9A1DAC9A6B001A2FAC /* WorkoutTableViewCell.swift in Sources */,
				323391BA1DAC9908003FF419 /* ApplicationData.swift in Sources */,
			);
			runOnlyForDeploymentPostprocessing = 0;
		};
		32195CEB1D41666C007C808E /* Sources */ = {
			isa = PBXSourcesBuildPhase;
			buildActionMask = 2147483647;
			files = (
				32195CF41D41666C007C808E /* Heart_UpTests.swift in Sources */,
			);
			runOnlyForDeploymentPostprocessing = 0;
		};
		32195D031D41666D007C808E /* Sources */ = {
			isa = PBXSourcesBuildPhase;
			buildActionMask = 2147483647;
			files = (
				322403621DEA5021008DDD1D /* IntensityLevel.swift in Sources */,
				3210CF4D1D552615009C75F7 /* IntesityTableRowController.swift in Sources */,
				32DEE21D1D5D8D5B004FDE41 /* YODonutChartImage.m in Sources */,
				326E034D1DA04B290066807D /* WorkoutSender.swift in Sources */,
				3210CF4F1D55265A009C75F7 /* IntesitySelectorController.swift in Sources */,
				329D9DE51D486B9400BF8C51 /* HealthDataInterface.swift in Sources */,
				3230E7BD1D4AF70800B3986A /* HeartRateRangeSelectionController.swift in Sources */,
				3213A5C91D599279000D2455 /* HeartRateChartController.swift in Sources */,
				3230E7B41D4AB31D00B3986A /* ReuseWorkoutTableRowController.swift in Sources */,
				3230E7B91D4AEF8C00B3986A /* StartController.swift in Sources */,
				32DC444B1D89C85D00463A37 /* Workout.swift in Sources */,
				32DEE21F1D5D8D5B004FDE41 /* YOLineChartImage.m in Sources */,
				32195D131D41666D007C808E /* NotificationController.swift in Sources */,
				3210CF4B1D55159B009C75F7 /* WorkoutTableRowController.swift in Sources */,
				3291C5351DAC41A7005BD160 /* WatchCommunicator.swift in Sources */,
				32B493571D89C3670099BE5F /* PostWorkoutController.swift in Sources */,
				3230E7B21D4AAA1300B3986A /* WorkoutSelectionController.swift in Sources */,
				3213A5C71D597D54000D2455 /* CustomIntensityRowController.swift in Sources */,
				329D9DE31D48658200BF8C51 /* HealthDataStats.swift in Sources */,
				32E2E4031D52B11800FEB3BA /* ApplicationData.swift in Sources */,
				32195D111D41666D007C808E /* ExtensionDelegate.swift in Sources */,
				32195D0F1D41666D007C808E /* WorkoutController.swift in Sources */,
			);
			runOnlyForDeploymentPostprocessing = 0;
		};
/* End PBXSourcesBuildPhase section */

/* Begin PBXTargetDependency section */
		32195CF11D41666C007C808E /* PBXTargetDependency */ = {
			isa = PBXTargetDependency;
			target = 32195CDA1D41666C007C808E /* Heart Up */;
			targetProxy = 32195CF01D41666C007C808E /* PBXContainerItemProxy */;
		};
		32195CFB1D41666C007C808E /* PBXTargetDependency */ = {
			isa = PBXTargetDependency;
			target = 32195CF71D41666C007C808E /* Heart Up WatchKit App */;
			targetProxy = 32195CFA1D41666C007C808E /* PBXContainerItemProxy */;
		};
		32195D0A1D41666D007C808E /* PBXTargetDependency */ = {
			isa = PBXTargetDependency;
			target = 32195D061D41666D007C808E /* Heart Up WatchKit Extension */;
			targetProxy = 32195D091D41666D007C808E /* PBXContainerItemProxy */;
		};
/* End PBXTargetDependency section */

/* Begin PBXVariantGroup section */
		32195CE21D41666C007C808E /* Main.storyboard */ = {
			isa = PBXVariantGroup;
			children = (
				32195CE31D41666C007C808E /* Base */,
			);
			name = Main.storyboard;
			sourceTree = "<group>";
		};
		32195CE71D41666C007C808E /* LaunchScreen.storyboard */ = {
			isa = PBXVariantGroup;
			children = (
				32195CE81D41666C007C808E /* Base */,
			);
			name = LaunchScreen.storyboard;
			sourceTree = "<group>";
		};
		32195CFD1D41666C007C808E /* Interface.storyboard */ = {
			isa = PBXVariantGroup;
			children = (
				32195CFE1D41666C007C808E /* Base */,
			);
			name = Interface.storyboard;
			sourceTree = "<group>";
		};
/* End PBXVariantGroup section */

/* Begin XCBuildConfiguration section */
		32195D171D41666D007C808E /* Debug */ = {
			isa = XCBuildConfiguration;
			buildSettings = {
				ALWAYS_SEARCH_USER_PATHS = NO;
				CLANG_ANALYZER_NONNULL = YES;
				CLANG_CXX_LANGUAGE_STANDARD = "gnu++0x";
				CLANG_CXX_LIBRARY = "libc++";
				CLANG_ENABLE_MODULES = YES;
				CLANG_ENABLE_OBJC_ARC = YES;
				CLANG_WARN_BOOL_CONVERSION = YES;
				CLANG_WARN_CONSTANT_CONVERSION = YES;
				CLANG_WARN_DIRECT_OBJC_ISA_USAGE = YES_ERROR;
				CLANG_WARN_DOCUMENTATION_COMMENTS = YES;
				CLANG_WARN_EMPTY_BODY = YES;
				CLANG_WARN_ENUM_CONVERSION = YES;
				CLANG_WARN_INFINITE_RECURSION = YES;
				CLANG_WARN_INT_CONVERSION = YES;
				CLANG_WARN_OBJC_ROOT_CLASS = YES_ERROR;
				CLANG_WARN_SUSPICIOUS_MOVE = YES;
				CLANG_WARN_UNREACHABLE_CODE = YES;
				CLANG_WARN__DUPLICATE_METHOD_MATCH = YES;
				"CODE_SIGN_IDENTITY[sdk=iphoneos*]" = "iPhone Developer";
				COPY_PHASE_STRIP = NO;
				DEBUG_INFORMATION_FORMAT = dwarf;
				ENABLE_STRICT_OBJC_MSGSEND = YES;
				ENABLE_TESTABILITY = YES;
				GCC_C_LANGUAGE_STANDARD = gnu99;
				GCC_DYNAMIC_NO_PIC = NO;
				GCC_NO_COMMON_BLOCKS = YES;
				GCC_OPTIMIZATION_LEVEL = 0;
				GCC_PREPROCESSOR_DEFINITIONS = (
					"DEBUG=1",
					"$(inherited)",
				);
				GCC_WARN_64_TO_32_BIT_CONVERSION = YES;
				GCC_WARN_ABOUT_RETURN_TYPE = YES_ERROR;
				GCC_WARN_UNDECLARED_SELECTOR = YES;
				GCC_WARN_UNINITIALIZED_AUTOS = YES_AGGRESSIVE;
				GCC_WARN_UNUSED_FUNCTION = YES;
				GCC_WARN_UNUSED_VARIABLE = YES;
				IPHONEOS_DEPLOYMENT_TARGET = 10.0;
				MTL_ENABLE_DEBUG_INFO = YES;
				ONLY_ACTIVE_ARCH = YES;
				SDKROOT = iphoneos;
				SWIFT_ACTIVE_COMPILATION_CONDITIONS = DEBUG;
				SWIFT_OBJC_BRIDGING_HEADER = "Libraries/Heart Up WatchKit Extension-Bridging-Header.h";
				SWIFT_OPTIMIZATION_LEVEL = "-Onone";
				TARGETED_DEVICE_FAMILY = "1,2";
			};
			name = Debug;
		};
		32195D181D41666D007C808E /* Release */ = {
			isa = XCBuildConfiguration;
			buildSettings = {
				ALWAYS_SEARCH_USER_PATHS = NO;
				CLANG_ANALYZER_NONNULL = YES;
				CLANG_CXX_LANGUAGE_STANDARD = "gnu++0x";
				CLANG_CXX_LIBRARY = "libc++";
				CLANG_ENABLE_MODULES = YES;
				CLANG_ENABLE_OBJC_ARC = YES;
				CLANG_WARN_BOOL_CONVERSION = YES;
				CLANG_WARN_CONSTANT_CONVERSION = YES;
				CLANG_WARN_DIRECT_OBJC_ISA_USAGE = YES_ERROR;
				CLANG_WARN_DOCUMENTATION_COMMENTS = YES;
				CLANG_WARN_EMPTY_BODY = YES;
				CLANG_WARN_ENUM_CONVERSION = YES;
				CLANG_WARN_INFINITE_RECURSION = YES;
				CLANG_WARN_INT_CONVERSION = YES;
				CLANG_WARN_OBJC_ROOT_CLASS = YES_ERROR;
				CLANG_WARN_SUSPICIOUS_MOVE = YES;
				CLANG_WARN_UNREACHABLE_CODE = YES;
				CLANG_WARN__DUPLICATE_METHOD_MATCH = YES;
				"CODE_SIGN_IDENTITY[sdk=iphoneos*]" = "iPhone Developer";
				COPY_PHASE_STRIP = NO;
				DEBUG_INFORMATION_FORMAT = "dwarf-with-dsym";
				ENABLE_NS_ASSERTIONS = NO;
				ENABLE_STRICT_OBJC_MSGSEND = YES;
				GCC_C_LANGUAGE_STANDARD = gnu99;
				GCC_NO_COMMON_BLOCKS = YES;
				GCC_WARN_64_TO_32_BIT_CONVERSION = YES;
				GCC_WARN_ABOUT_RETURN_TYPE = YES_ERROR;
				GCC_WARN_UNDECLARED_SELECTOR = YES;
				GCC_WARN_UNINITIALIZED_AUTOS = YES_AGGRESSIVE;
				GCC_WARN_UNUSED_FUNCTION = YES;
				GCC_WARN_UNUSED_VARIABLE = YES;
				IPHONEOS_DEPLOYMENT_TARGET = 10.0;
				MTL_ENABLE_DEBUG_INFO = NO;
				SDKROOT = iphoneos;
				SWIFT_OBJC_BRIDGING_HEADER = "Libraries/Heart Up WatchKit Extension-Bridging-Header.h";
				SWIFT_OPTIMIZATION_LEVEL = "-Owholemodule";
				TARGETED_DEVICE_FAMILY = "1,2";
				VALIDATE_PRODUCT = YES;
			};
			name = Release;
		};
		32195D1A1D41666D007C808E /* Debug */ = {
			isa = XCBuildConfiguration;
			baseConfigurationReference = C2518EC2F42A00A55AD29647 /* Pods-Heart Up WatchKit Extension.debug.xcconfig */;
			buildSettings = {
				ALWAYS_EMBED_SWIFT_STANDARD_LIBRARIES = YES;
				ASSETCATALOG_COMPILER_COMPLICATION_NAME = Complication;
				CLANG_ENABLE_MODULES = YES;
				CODE_SIGN_ENTITLEMENTS = "Heart Up WatchKit Extension/Heart Up WatchKit Extension.entitlements";
				INFOPLIST_FILE = "Heart Up WatchKit Extension/Info.plist";
				LD_RUNPATH_SEARCH_PATHS = "$(inherited) @executable_path/Frameworks @executable_path/../../Frameworks";
				PRODUCT_BUNDLE_IDENTIFIER = "Cameron-Deardorff.Heart-Up.watchkitapp.watchkitextension";
				PRODUCT_NAME = "${TARGET_NAME}";
				SDKROOT = watchos;
				SKIP_INSTALL = YES;
				SWIFT_OBJC_BRIDGING_HEADER = "Libraries/Heart Up WatchKit Extension-Bridging-Header.h";
				SWIFT_OPTIMIZATION_LEVEL = "-Onone";
				SWIFT_VERSION = 3.0;
				TARGETED_DEVICE_FAMILY = 4;
				WATCHOS_DEPLOYMENT_TARGET = 3.0;
			};
			name = Debug;
		};
		32195D1B1D41666D007C808E /* Release */ = {
			isa = XCBuildConfiguration;
			baseConfigurationReference = 9A2CC7DB5D4C905095203F54 /* Pods-Heart Up WatchKit Extension.release.xcconfig */;
			buildSettings = {
				ALWAYS_EMBED_SWIFT_STANDARD_LIBRARIES = YES;
				ASSETCATALOG_COMPILER_COMPLICATION_NAME = Complication;
				CLANG_ENABLE_MODULES = YES;
				CODE_SIGN_ENTITLEMENTS = "Heart Up WatchKit Extension/Heart Up WatchKit Extension.entitlements";
				INFOPLIST_FILE = "Heart Up WatchKit Extension/Info.plist";
				LD_RUNPATH_SEARCH_PATHS = "$(inherited) @executable_path/Frameworks @executable_path/../../Frameworks";
				PRODUCT_BUNDLE_IDENTIFIER = "Cameron-Deardorff.Heart-Up.watchkitapp.watchkitextension";
				PRODUCT_NAME = "${TARGET_NAME}";
				SDKROOT = watchos;
				SKIP_INSTALL = YES;
				SWIFT_OBJC_BRIDGING_HEADER = "Libraries/Heart Up WatchKit Extension-Bridging-Header.h";
				SWIFT_VERSION = 3.0;
				TARGETED_DEVICE_FAMILY = 4;
				WATCHOS_DEPLOYMENT_TARGET = 3.0;
			};
			name = Release;
		};
		32195D1E1D41666D007C808E /* Debug */ = {
			isa = XCBuildConfiguration;
			baseConfigurationReference = D578C27584E9E5D5E8178763 /* Pods-Heart Up WatchKit App.debug.xcconfig */;
			buildSettings = {
				ALWAYS_EMBED_SWIFT_STANDARD_LIBRARIES = YES;
				ASSETCATALOG_COMPILER_APPICON_NAME = AppIcon;
				CODE_SIGN_ENTITLEMENTS = "Heart Up WatchKit App/Heart Up WatchKit App.entitlements";
				IBSC_MODULE = Heart_Up_WatchKit_Extension;
				INFOPLIST_FILE = "Heart Up WatchKit App/Info.plist";
				LD_RUNPATH_SEARCH_PATHS = "$(inherited) @executable_path/Frameworks";
				PRODUCT_BUNDLE_IDENTIFIER = "Cameron-Deardorff.Heart-Up.watchkitapp";
				PRODUCT_NAME = "$(TARGET_NAME)";
				SDKROOT = watchos;
				SKIP_INSTALL = YES;
				SWIFT_VERSION = 3.0;
				TARGETED_DEVICE_FAMILY = 4;
				WATCHOS_DEPLOYMENT_TARGET = 3.0;
			};
			name = Debug;
		};
		32195D1F1D41666D007C808E /* Release */ = {
			isa = XCBuildConfiguration;
			baseConfigurationReference = 2B2EC772A177191535353BAE /* Pods-Heart Up WatchKit App.release.xcconfig */;
			buildSettings = {
				ALWAYS_EMBED_SWIFT_STANDARD_LIBRARIES = YES;
				ASSETCATALOG_COMPILER_APPICON_NAME = AppIcon;
				CODE_SIGN_ENTITLEMENTS = "Heart Up WatchKit App/Heart Up WatchKit App.entitlements";
				IBSC_MODULE = Heart_Up_WatchKit_Extension;
				INFOPLIST_FILE = "Heart Up WatchKit App/Info.plist";
				LD_RUNPATH_SEARCH_PATHS = "$(inherited) @executable_path/Frameworks";
				PRODUCT_BUNDLE_IDENTIFIER = "Cameron-Deardorff.Heart-Up.watchkitapp";
				PRODUCT_NAME = "$(TARGET_NAME)";
				SDKROOT = watchos;
				SKIP_INSTALL = YES;
				SWIFT_VERSION = 3.0;
				TARGETED_DEVICE_FAMILY = 4;
				WATCHOS_DEPLOYMENT_TARGET = 3.0;
			};
			name = Release;
		};
		32195D221D41666D007C808E /* Debug */ = {
			isa = XCBuildConfiguration;
			baseConfigurationReference = 06CF358027C5B44EDAF46EA1 /* Pods-Heart Up.debug.xcconfig */;
			buildSettings = {
				ALWAYS_EMBED_SWIFT_STANDARD_LIBRARIES = YES;
				ASSETCATALOG_COMPILER_APPICON_NAME = AppIcon;
				CLANG_ENABLE_MODULES = YES;
				CODE_SIGN_ENTITLEMENTS = "Heart Up/Heart Up.entitlements";
				INFOPLIST_FILE = "Heart Up/Info.plist";
				LD_RUNPATH_SEARCH_PATHS = "$(inherited) @executable_path/Frameworks";
				PRODUCT_BUNDLE_IDENTIFIER = "Cameron-Deardorff.Heart-Up";
				PRODUCT_NAME = "$(TARGET_NAME)";
				SWIFT_OBJC_BRIDGING_HEADER = "Libraries/Heart Up-Bridging-Header.h";
				SWIFT_OPTIMIZATION_LEVEL = "-Onone";
				SWIFT_VERSION = 3.0;
				TARGETED_DEVICE_FAMILY = 1;
			};
			name = Debug;
		};
		32195D231D41666D007C808E /* Release */ = {
			isa = XCBuildConfiguration;
			baseConfigurationReference = 678F295782ECF863F530BC4B /* Pods-Heart Up.release.xcconfig */;
			buildSettings = {
				ALWAYS_EMBED_SWIFT_STANDARD_LIBRARIES = YES;
				ASSETCATALOG_COMPILER_APPICON_NAME = AppIcon;
				CLANG_ENABLE_MODULES = YES;
				CODE_SIGN_ENTITLEMENTS = "Heart Up/Heart Up.entitlements";
				INFOPLIST_FILE = "Heart Up/Info.plist";
				LD_RUNPATH_SEARCH_PATHS = "$(inherited) @executable_path/Frameworks";
				PRODUCT_BUNDLE_IDENTIFIER = "Cameron-Deardorff.Heart-Up";
				PRODUCT_NAME = "$(TARGET_NAME)";
				SWIFT_OBJC_BRIDGING_HEADER = "Libraries/Heart Up-Bridging-Header.h";
				SWIFT_VERSION = 3.0;
				TARGETED_DEVICE_FAMILY = 1;
			};
			name = Release;
		};
		32195D251D41666D007C808E /* Debug */ = {
			isa = XCBuildConfiguration;
			baseConfigurationReference = 813AEEFE58B2D01270387584 /* Pods-Heart UpTests.debug.xcconfig */;
			buildSettings = {
				BUNDLE_LOADER = "$(TEST_HOST)";
				INFOPLIST_FILE = "Heart UpTests/Info.plist";
				LD_RUNPATH_SEARCH_PATHS = "$(inherited) @executable_path/Frameworks @loader_path/Frameworks";
				PRODUCT_BUNDLE_IDENTIFIER = "Cameron-Deardorff.Heart-UpTests";
				PRODUCT_NAME = "$(TARGET_NAME)";
				SWIFT_VERSION = 3.0;
				TEST_HOST = "$(BUILT_PRODUCTS_DIR)/Heart Up.app/Heart Up";
			};
			name = Debug;
		};
		32195D261D41666D007C808E /* Release */ = {
			isa = XCBuildConfiguration;
			baseConfigurationReference = 7E1B9F03D3C4BE99DEF3623D /* Pods-Heart UpTests.release.xcconfig */;
			buildSettings = {
				BUNDLE_LOADER = "$(TEST_HOST)";
				INFOPLIST_FILE = "Heart UpTests/Info.plist";
				LD_RUNPATH_SEARCH_PATHS = "$(inherited) @executable_path/Frameworks @loader_path/Frameworks";
				PRODUCT_BUNDLE_IDENTIFIER = "Cameron-Deardorff.Heart-UpTests";
				PRODUCT_NAME = "$(TARGET_NAME)";
				SWIFT_VERSION = 3.0;
				TEST_HOST = "$(BUILT_PRODUCTS_DIR)/Heart Up.app/Heart Up";
			};
			name = Release;
		};
/* End XCBuildConfiguration section */

/* Begin XCConfigurationList section */
		32195CD61D41666C007C808E /* Build configuration list for PBXProject "Heart Up" */ = {
			isa = XCConfigurationList;
			buildConfigurations = (
				32195D171D41666D007C808E /* Debug */,
				32195D181D41666D007C808E /* Release */,
			);
			defaultConfigurationIsVisible = 0;
			defaultConfigurationName = Release;
		};
		32195D191D41666D007C808E /* Build configuration list for PBXNativeTarget "Heart Up WatchKit Extension" */ = {
			isa = XCConfigurationList;
			buildConfigurations = (
				32195D1A1D41666D007C808E /* Debug */,
				32195D1B1D41666D007C808E /* Release */,
			);
			defaultConfigurationIsVisible = 0;
			defaultConfigurationName = Release;
		};
		32195D1D1D41666D007C808E /* Build configuration list for PBXNativeTarget "Heart Up WatchKit App" */ = {
			isa = XCConfigurationList;
			buildConfigurations = (
				32195D1E1D41666D007C808E /* Debug */,
				32195D1F1D41666D007C808E /* Release */,
			);
			defaultConfigurationIsVisible = 0;
			defaultConfigurationName = Release;
		};
		32195D211D41666D007C808E /* Build configuration list for PBXNativeTarget "Heart Up" */ = {
			isa = XCConfigurationList;
			buildConfigurations = (
				32195D221D41666D007C808E /* Debug */,
				32195D231D41666D007C808E /* Release */,
			);
			defaultConfigurationIsVisible = 0;
			defaultConfigurationName = Release;
		};
		32195D241D41666D007C808E /* Build configuration list for PBXNativeTarget "Heart UpTests" */ = {
			isa = XCConfigurationList;
			buildConfigurations = (
				32195D251D41666D007C808E /* Debug */,
				32195D261D41666D007C808E /* Release */,
			);
			defaultConfigurationIsVisible = 0;
			defaultConfigurationName = Release;
		};
/* End XCConfigurationList section */
	};
	rootObject = 32195CD31D41666C007C808E /* Project object */;
}
